{
  "object": {
    "pins": [
      {
        "package": "Incito",
        "repositoryURL": "https://github.com/tjek/incito-ios.git",
        "state": {
          "branch": null,
          "revision": "97009ac8fc4883bc6defda0c2741b4a7c9b30092",
          "version": "1.0.5"
        }
      },
      {
        "package": "Kingfisher",
        "repositoryURL": "https://github.com/onevcat/Kingfisher.git",
        "state": {
          "branch": null,
          "revision": "be1a1acb283a702b99b630f586877ba02234b4cb",
          "version": "7.3.2"
        }
      },
      {
        "package": "Future",
        "repositoryURL": "https://github.com/tjek/swift-future.git",
        "state": {
          "branch": null,
          "revision": "592eb0163ed403a3520670f38e04253d5695ad11",
          "version": "0.5.3"
        }
      },
      {
        "package": "Valet",
        "repositoryURL": "https://github.com/square/Valet.git",
        "state": {
          "branch": null,
          "revision": "26689601804b0cc86ed212a6b137232c22210d28",
          "version": "4.1.3"
        }
      },
      {
        "package": "Verso",
        "repositoryURL": "https://github.com/tjek/verso-ios.git",
        "state": {
          "branch": null,
          "revision": "083e5dc008b125f4587ba24ba9383212d2746d6f",
          "version": "1.0.7"
        }
      }
    ]
  },
  "version": 1
}
