{
  "object": {
    "pins": [
      {
        "package": "Incito",
        "repositoryURL": "https://github.com/shopgun/incito-ios.git",
        "state": {
          "branch": null,
          "revision": "66bce5e738f27becb6cf842f43151feba75c7f15",
          "version": "1.0.3"
        }
      },
      {
        "package": "Kingfisher",
        "repositoryURL": "https://github.com/onevcat/Kingfisher.git",
        "state": {
          "branch": null,
          "revision": "8c65ddf756c633d01d9ae01092bf72f0c66dfc60",
          "version": "7.0.0"
        }
      },
      {
        "package": "Future",
        "repositoryURL": "https://github.com/shopgun/swift-future.git",
        "state": {
          "branch": null,
          "revision": "972067fb5dac5b234fd278a94e77e3401bae9d33",
          "version": "0.5.0"
        }
      },
      {
        "package": "Valet",
        "repositoryURL": "https://github.com/square/Valet.git",
        "state": {
          "branch": null,
          "revision": "c9e7a1e5e0cb73f07cafb403c53c4922e22e5357",
          "version": "4.1.1"
        }
      },
      {
        "package": "Verso",
        "repositoryURL": "https://github.com/shopgun/verso-ios.git",
        "state": {
          "branch": null,
          "revision": "e07a697e8d21e8d9cf8521881705e06df787bdc8",
          "version": "1.0.6"
        }
      }
    ]
  },
  "version": 1
}
