// !$*UTF8*$!
{
	archiveVersion = 1;
	classes = {
	};
	objectVersion = 46;
	objects = {

/* Begin PBXBuildFile section */
		C60B18CD15F96E830075BC66 /* CoreLocation.framework in Frameworks */ = {isa = PBXBuildFile; fileRef = C60B18CC15F96E830075BC66 /* CoreLocation.framework */; };
		C63CA72315F975CF00AAC355 /* ETA.m in Sources */ = {isa = PBXBuildFile; fileRef = C63CA72115F975CF00AAC355 /* ETA.m */; };
		C646207715A3A0F7007DF495 /* UIKit.framework in Frameworks */ = {isa = PBXBuildFile; fileRef = C646207615A3A0F7007DF495 /* UIKit.framework */; };
		C646207915A3A0F7007DF495 /* Foundation.framework in Frameworks */ = {isa = PBXBuildFile; fileRef = C646207815A3A0F7007DF495 /* Foundation.framework */; };
		C646207B15A3A0F7007DF495 /* CoreGraphics.framework in Frameworks */ = {isa = PBXBuildFile; fileRef = C646207A15A3A0F7007DF495 /* CoreGraphics.framework */; };
		C646208115A3A0F7007DF495 /* InfoPlist.strings in Resources */ = {isa = PBXBuildFile; fileRef = C646207F15A3A0F7007DF495 /* InfoPlist.strings */; };
		C646208315A3A0F7007DF495 /* main.m in Sources */ = {isa = PBXBuildFile; fileRef = C646208215A3A0F7007DF495 /* main.m */; };
		C646208715A3A0F7007DF495 /* AppDelegate.m in Sources */ = {isa = PBXBuildFile; fileRef = C646208615A3A0F7007DF495 /* AppDelegate.m */; };
		C646208A15A3A0F7007DF495 /* MainStoryboard.storyboard in Resources */ = {isa = PBXBuildFile; fileRef = C646208815A3A0F7007DF495 /* MainStoryboard.storyboard */; };
		C646208D15A3A0F7007DF495 /* ViewController.m in Sources */ = {isa = PBXBuildFile; fileRef = C646208C15A3A0F7007DF495 /* ViewController.m */; };
/* End PBXBuildFile section */

/* Begin PBXFileReference section */
		C60B18CC15F96E830075BC66 /* CoreLocation.framework */ = {isa = PBXFileReference; lastKnownFileType = wrapper.framework; name = CoreLocation.framework; path = System/Library/Frameworks/CoreLocation.framework; sourceTree = SDKROOT; };
		C63CA72115F975CF00AAC355 /* ETA.m */ = {isa = PBXFileReference; fileEncoding = 4; lastKnownFileType = sourcecode.c.objc; path = ETA.m; sourceTree = "<group>"; };
		C63CA72215F975CF00AAC355 /* ETA.h */ = {isa = PBXFileReference; fileEncoding = 4; lastKnownFileType = sourcecode.c.h; path = ETA.h; sourceTree = "<group>"; };
		C646207215A3A0F7007DF495 /* ETA.app */ = {isa = PBXFileReference; explicitFileType = wrapper.application; includeInIndex = 0; path = ETA.app; sourceTree = BUILT_PRODUCTS_DIR; };
		C646207615A3A0F7007DF495 /* UIKit.framework */ = {isa = PBXFileReference; lastKnownFileType = wrapper.framework; name = UIKit.framework; path = System/Library/Frameworks/UIKit.framework; sourceTree = SDKROOT; };
		C646207815A3A0F7007DF495 /* Foundation.framework */ = {isa = PBXFileReference; lastKnownFileType = wrapper.framework; name = Foundation.framework; path = System/Library/Frameworks/Foundation.framework; sourceTree = SDKROOT; };
		C646207A15A3A0F7007DF495 /* CoreGraphics.framework */ = {isa = PBXFileReference; lastKnownFileType = wrapper.framework; name = CoreGraphics.framework; path = System/Library/Frameworks/CoreGraphics.framework; sourceTree = SDKROOT; };
		C646207E15A3A0F7007DF495 /* ETA-Info.plist */ = {isa = PBXFileReference; lastKnownFileType = text.plist.xml; path = "ETA-Info.plist"; sourceTree = "<group>"; };
		C646208015A3A0F7007DF495 /* en */ = {isa = PBXFileReference; lastKnownFileType = text.plist.strings; name = en; path = en.lproj/InfoPlist.strings; sourceTree = "<group>"; };
		C646208215A3A0F7007DF495 /* main.m */ = {isa = PBXFileReference; lastKnownFileType = sourcecode.c.objc; path = main.m; sourceTree = "<group>"; };
		C646208415A3A0F7007DF495 /* ETA-Prefix.pch */ = {isa = PBXFileReference; lastKnownFileType = sourcecode.c.h; path = "ETA-Prefix.pch"; sourceTree = "<group>"; };
		C646208515A3A0F7007DF495 /* AppDelegate.h */ = {isa = PBXFileReference; lastKnownFileType = sourcecode.c.h; path = AppDelegate.h; sourceTree = "<group>"; };
		C646208615A3A0F7007DF495 /* AppDelegate.m */ = {isa = PBXFileReference; lastKnownFileType = sourcecode.c.objc; path = AppDelegate.m; sourceTree = "<group>"; };
		C646208915A3A0F7007DF495 /* en */ = {isa = PBXFileReference; lastKnownFileType = file.storyboard; name = en; path = en.lproj/MainStoryboard.storyboard; sourceTree = "<group>"; };
		C646208B15A3A0F7007DF495 /* ViewController.h */ = {isa = PBXFileReference; lastKnownFileType = sourcecode.c.h; path = ViewController.h; sourceTree = "<group>"; };
		C646208C15A3A0F7007DF495 /* ViewController.m */ = {isa = PBXFileReference; lastKnownFileType = sourcecode.c.objc; path = ViewController.m; sourceTree = "<group>"; };
/* End PBXFileReference section */

/* Begin PBXFrameworksBuildPhase section */
		C646206F15A3A0F7007DF495 /* Frameworks */ = {
			isa = PBXFrameworksBuildPhase;
			buildActionMask = 2147483647;
			files = (
				C60B18CD15F96E830075BC66 /* CoreLocation.framework in Frameworks */,
				C646207715A3A0F7007DF495 /* UIKit.framework in Frameworks */,
				C646207915A3A0F7007DF495 /* Foundation.framework in Frameworks */,
				C646207B15A3A0F7007DF495 /* CoreGraphics.framework in Frameworks */,
			);
			runOnlyForDeploymentPostprocessing = 0;
		};
/* End PBXFrameworksBuildPhase section */

/* Begin PBXGroup section */
		C646206715A3A0F6007DF495 = {
			isa = PBXGroup;
			children = (
				C646207C15A3A0F7007DF495 /* ETA */,
				C646207515A3A0F7007DF495 /* Frameworks */,
				C646207315A3A0F7007DF495 /* Products */,
			);
			sourceTree = "<group>";
		};
		C646207315A3A0F7007DF495 /* Products */ = {
			isa = PBXGroup;
			children = (
				C646207215A3A0F7007DF495 /* ETA.app */,
			);
			name = Products;
			sourceTree = "<group>";
		};
		C646207515A3A0F7007DF495 /* Frameworks */ = {
			isa = PBXGroup;
			children = (
				C60B18CC15F96E830075BC66 /* CoreLocation.framework */,
				C646207615A3A0F7007DF495 /* UIKit.framework */,
				C646207815A3A0F7007DF495 /* Foundation.framework */,
				C646207A15A3A0F7007DF495 /* CoreGraphics.framework */,
			);
			name = Frameworks;
			sourceTree = "<group>";
		};
		C646207C15A3A0F7007DF495 /* ETA */ = {
			isa = PBXGroup;
			children = (
				C646208515A3A0F7007DF495 /* AppDelegate.h */,
				C646208615A3A0F7007DF495 /* AppDelegate.m */,
				C646208815A3A0F7007DF495 /* MainStoryboard.storyboard */,
				C646208B15A3A0F7007DF495 /* ViewController.h */,
				C646208C15A3A0F7007DF495 /* ViewController.m */,
				C63CA72215F975CF00AAC355 /* ETA.h */,
				C63CA72115F975CF00AAC355 /* ETA.m */,
				C646207D15A3A0F7007DF495 /* Supporting Files */,
			);
			name = ETA;
			path = ETA;
			sourceTree = "<group>";
		};
		C646207D15A3A0F7007DF495 /* Supporting Files */ = {
			isa = PBXGroup;
			children = (
				C646207E15A3A0F7007DF495 /* ETA-Info.plist */,
				C646207F15A3A0F7007DF495 /* InfoPlist.strings */,
				C646208215A3A0F7007DF495 /* main.m */,
				C646208415A3A0F7007DF495 /* ETA-Prefix.pch */,
			);
			name = "Supporting Files";
			sourceTree = "<group>";
		};
/* End PBXGroup section */

/* Begin PBXNativeTarget section */
		C646207115A3A0F7007DF495 /* ETA */ = {
			isa = PBXNativeTarget;
			buildConfigurationList = C646209015A3A0F7007DF495 /* Build configuration list for PBXNativeTarget "ETA" */;
			buildPhases = (
				C646206E15A3A0F7007DF495 /* Sources */,
				C646206F15A3A0F7007DF495 /* Frameworks */,
				C646207015A3A0F7007DF495 /* Resources */,
			);
			buildRules = (
			);
			dependencies = (
			);
			name = ETA;
			productName = ETA;
			productReference = C646207215A3A0F7007DF495 /* ETA.app */;
			productType = "com.apple.product-type.application";
		};
/* End PBXNativeTarget section */

/* Begin PBXProject section */
		C646206915A3A0F6007DF495 /* Project object */ = {
			isa = PBXProject;
			attributes = {
				LastUpgradeCheck = 0430;
				ORGANIZATIONNAME = "Tapp ApS";
			};
			buildConfigurationList = C646206C15A3A0F6007DF495 /* Build configuration list for PBXProject "ETA" */;
			compatibilityVersion = "Xcode 3.2";
			developmentRegion = English;
			hasScannedForEncodings = 0;
			knownRegions = (
				en,
			);
			mainGroup = C646206715A3A0F6007DF495;
			productRefGroup = C646207315A3A0F7007DF495 /* Products */;
			projectDirPath = "";
			projectRoot = "";
			targets = (
				C646207115A3A0F7007DF495 /* ETA */,
			);
		};
/* End PBXProject section */

/* Begin PBXResourcesBuildPhase section */
		C646207015A3A0F7007DF495 /* Resources */ = {
			isa = PBXResourcesBuildPhase;
			buildActionMask = 2147483647;
			files = (
				C646208115A3A0F7007DF495 /* InfoPlist.strings in Resources */,
				C646208A15A3A0F7007DF495 /* MainStoryboard.storyboard in Resources */,
			);
			runOnlyForDeploymentPostprocessing = 0;
		};
/* End PBXResourcesBuildPhase section */

/* Begin PBXSourcesBuildPhase section */
		C646206E15A3A0F7007DF495 /* Sources */ = {
			isa = PBXSourcesBuildPhase;
			buildActionMask = 2147483647;
			files = (
				C646208315A3A0F7007DF495 /* main.m in Sources */,
				C646208715A3A0F7007DF495 /* AppDelegate.m in Sources */,
				C646208D15A3A0F7007DF495 /* ViewController.m in Sources */,
				C63CA72315F975CF00AAC355 /* ETA.m in Sources */,
			);
			runOnlyForDeploymentPostprocessing = 0;
		};
/* End PBXSourcesBuildPhase section */

/* Begin PBXVariantGroup section */
		C646207F15A3A0F7007DF495 /* InfoPlist.strings */ = {
			isa = PBXVariantGroup;
			children = (
				C646208015A3A0F7007DF495 /* en */,
			);
			name = InfoPlist.strings;
			sourceTree = "<group>";
		};
		C646208815A3A0F7007DF495 /* MainStoryboard.storyboard */ = {
			isa = PBXVariantGroup;
			children = (
				C646208915A3A0F7007DF495 /* en */,
			);
			name = MainStoryboard.storyboard;
			sourceTree = "<group>";
		};
/* End PBXVariantGroup section */

/* Begin XCBuildConfiguration section */
		C646208E15A3A0F7007DF495 /* Debug */ = {
			isa = XCBuildConfiguration;
			buildSettings = {
				ALWAYS_SEARCH_USER_PATHS = NO;
				ARCHS = "$(ARCHS_STANDARD_32_BIT)";
				CLANG_ENABLE_OBJC_ARC = YES;
				"CODE_SIGN_IDENTITY[sdk=iphoneos*]" = "iPhone Developer";
				COPY_PHASE_STRIP = NO;
				GCC_C_LANGUAGE_STANDARD = gnu99;
				GCC_DYNAMIC_NO_PIC = NO;
				GCC_OPTIMIZATION_LEVEL = 0;
				GCC_PREPROCESSOR_DEFINITIONS = (
					"DEBUG=1",
					"$(inherited)",
				);
				GCC_SYMBOLS_PRIVATE_EXTERN = NO;
				GCC_VERSION = com.apple.compilers.llvm.clang.1_0;
				GCC_WARN_ABOUT_RETURN_TYPE = YES;
				GCC_WARN_UNINITIALIZED_AUTOS = YES;
				GCC_WARN_UNUSED_VARIABLE = YES;
				IPHONEOS_DEPLOYMENT_TARGET = 5.1;
				SDKROOT = iphoneos;
			};
			name = Debug;
		};
		C646208F15A3A0F7007DF495 /* Release */ = {
			isa = XCBuildConfiguration;
			buildSettings = {
				ALWAYS_SEARCH_USER_PATHS = NO;
				ARCHS = "$(ARCHS_STANDARD_32_BIT)";
				CLANG_ENABLE_OBJC_ARC = YES;
				"CODE_SIGN_IDENTITY[sdk=iphoneos*]" = "iPhone Developer";
				COPY_PHASE_STRIP = YES;
				GCC_C_LANGUAGE_STANDARD = gnu99;
				GCC_VERSION = com.apple.compilers.llvm.clang.1_0;
				GCC_WARN_ABOUT_RETURN_TYPE = YES;
				GCC_WARN_UNINITIALIZED_AUTOS = YES;
				GCC_WARN_UNUSED_VARIABLE = YES;
				IPHONEOS_DEPLOYMENT_TARGET = 5.1;
				OTHER_CFLAGS = "-DNS_BLOCK_ASSERTIONS=1";
				SDKROOT = iphoneos;
				VALIDATE_PRODUCT = YES;
			};
			name = Release;
		};
		C646209115A3A0F7007DF495 /* Debug */ = {
			isa = XCBuildConfiguration;
			buildSettings = {
				GCC_PRECOMPILE_PREFIX_HEADER = YES;
				GCC_PREFIX_HEADER = "ETA/ETA-Prefix.pch";
				INFOPLIST_FILE = "ETA/ETA-Info.plist";
				LIBRARY_SEARCH_PATHS = (
					"$(inherited)",
					"\"$(SRCROOT)\"",
					"\"$(SRCROOT)/../../../Library/Developer/Xcode/DerivedData/ETA-gvhzvndbjnwxmzaazzwakddpwnfh/Build/Products/Debug-iphonesimulator\"",
				);
				PRODUCT_NAME = ETA;
				WRAPPER_EXTENSION = app;
			};
			name = Debug;
		};
		C646209215A3A0F7007DF495 /* Release */ = {
			isa = XCBuildConfiguration;
			buildSettings = {
				GCC_PRECOMPILE_PREFIX_HEADER = YES;
				GCC_PREFIX_HEADER = "ETA/ETA-Prefix.pch";
				INFOPLIST_FILE = "ETA/ETA-Info.plist";
				LIBRARY_SEARCH_PATHS = (
					"$(inherited)",
					"\"$(SRCROOT)\"",
					"\"$(SRCROOT)/../../../Library/Developer/Xcode/DerivedData/ETA-gvhzvndbjnwxmzaazzwakddpwnfh/Build/Products/Debug-iphonesimulator\"",
				);
				PRODUCT_NAME = ETA;
				WRAPPER_EXTENSION = app;
			};
			name = Release;
		};
/* End XCBuildConfiguration section */

/* Begin XCConfigurationList section */
		C646206C15A3A0F6007DF495 /* Build configuration list for PBXProject "ETA" */ = {
			isa = XCConfigurationList;
			buildConfigurations = (
				C646208E15A3A0F7007DF495 /* Debug */,
				C646208F15A3A0F7007DF495 /* Release */,
			);
			defaultConfigurationIsVisible = 0;
			defaultConfigurationName = Release;
		};
		C646209015A3A0F7007DF495 /* Build configuration list for PBXNativeTarget "ETA" */ = {
			isa = XCConfigurationList;
			buildConfigurations = (
				C646209115A3A0F7007DF495 /* Debug */,
				C646209215A3A0F7007DF495 /* Release */,
			);
			defaultConfigurationIsVisible = 0;
			defaultConfigurationName = Release;
		};
/* End XCConfigurationList section */
	};
	rootObject = C646206915A3A0F6007DF495 /* Project object */;
}
