// !$*UTF8*$!
{
	archiveVersion = 1;
	classes = {
	};
	objectVersion = 46;
	objects = {

/* Begin PBXBuildFile section */
		C64B5576159DBB330099C290 /* Foundation.framework in Frameworks */ = {isa = PBXBuildFile; fileRef = C64B5575159DBB330099C290 /* Foundation.framework */; };
		C64B557C159DBB330099C290 /* ETA.m in Sources */ = {isa = PBXBuildFile; fileRef = C64B557B159DBB330099C290 /* ETA.m */; };
/* End PBXBuildFile section */

/* Begin PBXFileReference section */
		C64B5572159DBB330099C290 /* libETA.a */ = {isa = PBXFileReference; explicitFileType = archive.ar; includeInIndex = 0; path = libETA.a; sourceTree = BUILT_PRODUCTS_DIR; };
		C64B5575159DBB330099C290 /* Foundation.framework */ = {isa = PBXFileReference; lastKnownFileType = wrapper.framework; name = Foundation.framework; path = System/Library/Frameworks/Foundation.framework; sourceTree = SDKROOT; };
		C64B5579159DBB330099C290 /* ETA-Prefix.pch */ = {isa = PBXFileReference; path = "ETA-Prefix.pch"; sourceTree = "<group>"; };
		C64B557A159DBB330099C290 /* ETA.h */ = {isa = PBXFileReference; path = ETA.h; sourceTree = "<group>"; };
		C64B557B159DBB330099C290 /* ETA.m */ = {isa = PBXFileReference; lastKnownFileType = sourcecode.c.objc; path = ETA.m; sourceTree = "<group>"; };
/* End PBXFileReference section */

/* Begin PBXFrameworksBuildPhase section */
		C64B556F159DBB330099C290 /* Frameworks */ = {
			isa = PBXFrameworksBuildPhase;
			buildActionMask = 2147483647;
			files = (
				C64B5576159DBB330099C290 /* Foundation.framework in Frameworks */,
			);
			runOnlyForDeploymentPostprocessing = 0;
		};
/* End PBXFrameworksBuildPhase section */

/* Begin PBXGroup section */
		C64B5567159DBB330099C290 = {
			isa = PBXGroup;
			children = (
				C64B5577159DBB330099C290 /* ETA */,
				C64B5574159DBB330099C290 /* Frameworks */,
				C64B5573159DBB330099C290 /* Products */,
			);
			sourceTree = "<group>";
		};
		C64B5573159DBB330099C290 /* Products */ = {
			isa = PBXGroup;
			children = (
				C64B5572159DBB330099C290 /* libETA.a */,
			);
			name = Products;
			sourceTree = "<group>";
		};
		C64B5574159DBB330099C290 /* Frameworks */ = {
			isa = PBXGroup;
			children = (
				C64B5575159DBB330099C290 /* Foundation.framework */,
			);
			name = Frameworks;
			sourceTree = "<group>";
		};
		C64B5577159DBB330099C290 /* ETA */ = {
			isa = PBXGroup;
			children = (
				C64B557A159DBB330099C290 /* ETA.h */,
				C64B557B159DBB330099C290 /* ETA.m */,
				C64B5578159DBB330099C290 /* Supporting Files */,
			);
			path = ETA;
			sourceTree = "<group>";
		};
		C64B5578159DBB330099C290 /* Supporting Files */ = {
			isa = PBXGroup;
			children = (
				C64B5579159DBB330099C290 /* ETA-Prefix.pch */,
			);
			name = "Supporting Files";
			sourceTree = "<group>";
		};
/* End PBXGroup section */

/* Begin PBXHeadersBuildPhase section */
		C64B5570159DBB330099C290 /* Headers */ = {
			isa = PBXHeadersBuildPhase;
			buildActionMask = 2147483647;
			files = (
			);
			runOnlyForDeploymentPostprocessing = 0;
		};
/* End PBXHeadersBuildPhase section */

/* Begin PBXNativeTarget section */
		C64B5571159DBB330099C290 /* ETA */ = {
			isa = PBXNativeTarget;
			buildConfigurationList = C64B557F159DBB330099C290 /* Build configuration list for PBXNativeTarget "ETA" */;
			buildPhases = (
				C64B556E159DBB330099C290 /* Sources */,
				C64B556F159DBB330099C290 /* Frameworks */,
				C64B5570159DBB330099C290 /* Headers */,
			);
			buildRules = (
			);
			dependencies = (
			);
			name = ETA;
			productName = ETA;
			productReference = C64B5572159DBB330099C290 /* libETA.a */;
			productType = "com.apple.product-type.library.static";
		};
/* End PBXNativeTarget section */

/* Begin PBXProject section */
		C64B5569159DBB330099C290 /* Project object */ = {
			isa = PBXProject;
			attributes = {
				LastUpgradeCheck = 0430;
			};
			buildConfigurationList = C64B556C159DBB330099C290 /* Build configuration list for PBXProject "ETA" */;
			compatibilityVersion = "Xcode 3.2";
			developmentRegion = English;
			hasScannedForEncodings = 0;
			knownRegions = (
				en,
			);
			mainGroup = C64B5567159DBB330099C290;
			productRefGroup = C64B5573159DBB330099C290 /* Products */;
			projectDirPath = "";
			projectRoot = "";
			targets = (
				C64B5571159DBB330099C290 /* ETA */,
			);
		};
/* End PBXProject section */

/* Begin PBXSourcesBuildPhase section */
		C64B556E159DBB330099C290 /* Sources */ = {
			isa = PBXSourcesBuildPhase;
			buildActionMask = 2147483647;
			files = (
				C64B557C159DBB330099C290 /* ETA.m in Sources */,
			);
			runOnlyForDeploymentPostprocessing = 0;
		};
/* End PBXSourcesBuildPhase section */

/* Begin XCBuildConfiguration section */
		C64B557D159DBB330099C290 /* Debug */ = {
			isa = XCBuildConfiguration;
			buildSettings = {
				ALWAYS_SEARCH_USER_PATHS = NO;
				ARCHS = "$(ARCHS_STANDARD_32_BIT)";
				CLANG_ENABLE_OBJC_ARC = YES;
				COPY_PHASE_STRIP = NO;
				GCC_C_LANGUAGE_STANDARD = gnu99;
				GCC_DYNAMIC_NO_PIC = NO;
				GCC_OPTIMIZATION_LEVEL = 0;
				GCC_PREPROCESSOR_DEFINITIONS = (
					"DEBUG=1",
					"$(inherited)",
				);
				GCC_SYMBOLS_PRIVATE_EXTERN = NO;
				GCC_VERSION = com.apple.compilers.llvm.clang.1_0;
				GCC_WARN_ABOUT_RETURN_TYPE = YES;
				GCC_WARN_UNINITIALIZED_AUTOS = YES;
				GCC_WARN_UNUSED_VARIABLE = YES;
				IPHONEOS_DEPLOYMENT_TARGET = 5.1;
				SDKROOT = iphoneos;
			};
			name = Debug;
		};
		C64B557E159DBB330099C290 /* Release */ = {
			isa = XCBuildConfiguration;
			buildSettings = {
				ALWAYS_SEARCH_USER_PATHS = NO;
				ARCHS = "$(ARCHS_STANDARD_32_BIT)";
				CLANG_ENABLE_OBJC_ARC = YES;
				COPY_PHASE_STRIP = YES;
				GCC_C_LANGUAGE_STANDARD = gnu99;
				GCC_VERSION = com.apple.compilers.llvm.clang.1_0;
				GCC_WARN_ABOUT_RETURN_TYPE = YES;
				GCC_WARN_UNINITIALIZED_AUTOS = YES;
				GCC_WARN_UNUSED_VARIABLE = YES;
				IPHONEOS_DEPLOYMENT_TARGET = 5.1;
				SDKROOT = iphoneos;
				VALIDATE_PRODUCT = YES;
			};
			name = Release;
		};
		C64B5580159DBB330099C290 /* Debug */ = {
			isa = XCBuildConfiguration;
			buildSettings = {
				DSTROOT = /tmp/ETA.dst;
				GCC_PRECOMPILE_PREFIX_HEADER = YES;
				GCC_PREFIX_HEADER = "ETA/ETA-Prefix.pch";
				OTHER_LDFLAGS = "-ObjC";
				PRODUCT_NAME = "$(TARGET_NAME)";
				SKIP_INSTALL = YES;
			};
			name = Debug;
		};
		C64B5581159DBB330099C290 /* Release */ = {
			isa = XCBuildConfiguration;
			buildSettings = {
				DSTROOT = /tmp/ETA.dst;
				GCC_PRECOMPILE_PREFIX_HEADER = YES;
				GCC_PREFIX_HEADER = "ETA/ETA-Prefix.pch";
				OTHER_LDFLAGS = "-ObjC";
				PRODUCT_NAME = "$(TARGET_NAME)";
				SKIP_INSTALL = YES;
			};
			name = Release;
		};
/* End XCBuildConfiguration section */

/* Begin XCConfigurationList section */
		C64B556C159DBB330099C290 /* Build configuration list for PBXProject "ETA" */ = {
			isa = XCConfigurationList;
			buildConfigurations = (
				C64B557D159DBB330099C290 /* Debug */,
				C64B557E159DBB330099C290 /* Release */,
			);
			defaultConfigurationIsVisible = 0;
			defaultConfigurationName = Release;
		};
		C64B557F159DBB330099C290 /* Build configuration list for PBXNativeTarget "ETA" */ = {
			isa = XCConfigurationList;
			buildConfigurations = (
				C64B5580159DBB330099C290 /* Debug */,
				C64B5581159DBB330099C290 /* Release */,
			);
			defaultConfigurationIsVisible = 0;
		};
/* End XCConfigurationList section */
	};
	rootObject = C64B5569159DBB330099C290 /* Project object */;
}
