// !$*UTF8*$!
{
	archiveVersion = 1;
	classes = {
	};
	objectVersion = 46;
	objects = {

/* Begin PBXBuildFile section */
		17A68BC23F9149A1A36A7A65 /* libPods.a in Frameworks */ = {isa = PBXBuildFile; fileRef = 77709CE9799F4DDAA95A2183 /* libPods.a */; };
		17DBD18417A7DF5F008EFAEF /* UIKit.framework in Frameworks */ = {isa = PBXBuildFile; fileRef = 17DBD18317A7DF5F008EFAEF /* UIKit.framework */; };
		17DBD18617A7DF5F008EFAEF /* Foundation.framework in Frameworks */ = {isa = PBXBuildFile; fileRef = 17DBD18517A7DF5F008EFAEF /* Foundation.framework */; };
		17DBD18817A7DF5F008EFAEF /* CoreGraphics.framework in Frameworks */ = {isa = PBXBuildFile; fileRef = 17DBD18717A7DF5F008EFAEF /* CoreGraphics.framework */; };
		17DBD18E17A7DF5F008EFAEF /* InfoPlist.strings in Resources */ = {isa = PBXBuildFile; fileRef = 17DBD18C17A7DF5F008EFAEF /* InfoPlist.strings */; };
		17DBD19017A7DF5F008EFAEF /* main.m in Sources */ = {isa = PBXBuildFile; fileRef = 17DBD18F17A7DF5F008EFAEF /* main.m */; };
		17DBD19417A7DF5F008EFAEF /* ETA_AppDelegate.m in Sources */ = {isa = PBXBuildFile; fileRef = 17DBD19317A7DF5F008EFAEF /* ETA_AppDelegate.m */; };
		17DBD19617A7DF5F008EFAEF /* Default.png in Resources */ = {isa = PBXBuildFile; fileRef = 17DBD19517A7DF5F008EFAEF /* Default.png */; };
		17DBD19817A7DF5F008EFAEF /* Default@2x.png in Resources */ = {isa = PBXBuildFile; fileRef = 17DBD19717A7DF5F008EFAEF /* Default@2x.png */; };
		17DBD19A17A7DF5F008EFAEF /* Default-568h@2x.png in Resources */ = {isa = PBXBuildFile; fileRef = 17DBD19917A7DF5F008EFAEF /* Default-568h@2x.png */; };
		17DBD19D17A7DF5F008EFAEF /* MainStoryboard.storyboard in Resources */ = {isa = PBXBuildFile; fileRef = 17DBD19B17A7DF5F008EFAEF /* MainStoryboard.storyboard */; };
		17DBD1AF17A7E073008EFAEF /* ETA_ExampleViewController_Catalogs.m in Sources */ = {isa = PBXBuildFile; fileRef = 17DBD1A817A7E073008EFAEF /* ETA_ExampleViewController_Catalogs.m */; };
		17DBD1B017A7E073008EFAEF /* ETA_ExampleViewController_PageFlip.m in Sources */ = {isa = PBXBuildFile; fileRef = 17DBD1AA17A7E073008EFAEF /* ETA_ExampleViewController_PageFlip.m */; };
		17DBD1B717A7E4B6008EFAEF /* catalogThumbPlaceholder.png in Resources */ = {isa = PBXBuildFile; fileRef = 17DBD1B617A7E4B6008EFAEF /* catalogThumbPlaceholder.png */; };
		17F5304F17A9919700CB1DDE /* SenTestingKit.framework in Frameworks */ = {isa = PBXBuildFile; fileRef = 17F5304E17A9919700CB1DDE /* SenTestingKit.framework */; };
		17F5305017A9919700CB1DDE /* UIKit.framework in Frameworks */ = {isa = PBXBuildFile; fileRef = 17DBD18317A7DF5F008EFAEF /* UIKit.framework */; };
		17F5305117A9919700CB1DDE /* Foundation.framework in Frameworks */ = {isa = PBXBuildFile; fileRef = 17DBD18517A7DF5F008EFAEF /* Foundation.framework */; };
		17F5305717A9919700CB1DDE /* InfoPlist.strings in Resources */ = {isa = PBXBuildFile; fileRef = 17F5305517A9919700CB1DDE /* InfoPlist.strings */; };
		17F5306117A991CC00CB1DDE /* ETA_SessionTests.m in Sources */ = {isa = PBXBuildFile; fileRef = 17F5305F17A991CC00CB1DDE /* ETA_SessionTests.m */; };
		17F5306417A9942E00CB1DDE /* ETA_ETATests.m in Sources */ = {isa = PBXBuildFile; fileRef = 17F5306317A9942E00CB1DDE /* ETA_ETATests.m */; };
		17F5306717A9987600CB1DDE /* ETA_PermissionsTests.m in Sources */ = {isa = PBXBuildFile; fileRef = 17F5306617A9987600CB1DDE /* ETA_PermissionsTests.m */; };
		FDD67AA22915447798D7090D /* libPods.a in Frameworks */ = {isa = PBXBuildFile; fileRef = FE9E8E35B29843B690E233FB /* libPods.a */; };
/* End PBXBuildFile section */

/* Begin PBXFileReference section */
		091075AC27C147FF8C8DD5A4 /* Pods.xcconfig */ = {isa = PBXFileReference; includeInIndex = 1; lastKnownFileType = text.xcconfig; name = Pods.xcconfig; path = Pods/Pods.xcconfig; sourceTree = SOURCE_ROOT; };
		17DBD18017A7DF5F008EFAEF /* ETA-SDK iOS Example.app */ = {isa = PBXFileReference; explicitFileType = wrapper.application; includeInIndex = 0; path = "ETA-SDK iOS Example.app"; sourceTree = BUILT_PRODUCTS_DIR; };
		17DBD18317A7DF5F008EFAEF /* UIKit.framework */ = {isa = PBXFileReference; lastKnownFileType = wrapper.framework; name = UIKit.framework; path = System/Library/Frameworks/UIKit.framework; sourceTree = SDKROOT; };
		17DBD18517A7DF5F008EFAEF /* Foundation.framework */ = {isa = PBXFileReference; lastKnownFileType = wrapper.framework; name = Foundation.framework; path = System/Library/Frameworks/Foundation.framework; sourceTree = SDKROOT; };
		17DBD18717A7DF5F008EFAEF /* CoreGraphics.framework */ = {isa = PBXFileReference; lastKnownFileType = wrapper.framework; name = CoreGraphics.framework; path = System/Library/Frameworks/CoreGraphics.framework; sourceTree = SDKROOT; };
		17DBD18B17A7DF5F008EFAEF /* ETA-SDK iOS Example-Info.plist */ = {isa = PBXFileReference; lastKnownFileType = text.plist.xml; path = "ETA-SDK iOS Example-Info.plist"; sourceTree = "<group>"; };
		17DBD18D17A7DF5F008EFAEF /* en */ = {isa = PBXFileReference; lastKnownFileType = text.plist.strings; name = en; path = en.lproj/InfoPlist.strings; sourceTree = "<group>"; };
		17DBD18F17A7DF5F008EFAEF /* main.m */ = {isa = PBXFileReference; lastKnownFileType = sourcecode.c.objc; path = main.m; sourceTree = "<group>"; };
		17DBD19117A7DF5F008EFAEF /* ETA-SDK iOS Example-Prefix.pch */ = {isa = PBXFileReference; lastKnownFileType = sourcecode.c.h; path = "ETA-SDK iOS Example-Prefix.pch"; sourceTree = "<group>"; };
		17DBD19217A7DF5F008EFAEF /* ETA_AppDelegate.h */ = {isa = PBXFileReference; lastKnownFileType = sourcecode.c.h; path = ETA_AppDelegate.h; sourceTree = "<group>"; };
		17DBD19317A7DF5F008EFAEF /* ETA_AppDelegate.m */ = {isa = PBXFileReference; lastKnownFileType = sourcecode.c.objc; path = ETA_AppDelegate.m; sourceTree = "<group>"; };
		17DBD19517A7DF5F008EFAEF /* Default.png */ = {isa = PBXFileReference; lastKnownFileType = image.png; path = Default.png; sourceTree = "<group>"; };
		17DBD19717A7DF5F008EFAEF /* Default@2x.png */ = {isa = PBXFileReference; lastKnownFileType = image.png; path = "Default@2x.png"; sourceTree = "<group>"; };
		17DBD19917A7DF5F008EFAEF /* Default-568h@2x.png */ = {isa = PBXFileReference; lastKnownFileType = image.png; path = "Default-568h@2x.png"; sourceTree = "<group>"; };
		17DBD19C17A7DF5F008EFAEF /* en */ = {isa = PBXFileReference; lastKnownFileType = file.storyboard; name = en; path = en.lproj/MainStoryboard.storyboard; sourceTree = "<group>"; };
		17DBD1A617A7E026008EFAEF /* ETA_APIKeyAndSecret.h */ = {isa = PBXFileReference; fileEncoding = 4; lastKnownFileType = sourcecode.c.h; path = ETA_APIKeyAndSecret.h; sourceTree = "<group>"; };
		17DBD1A717A7E073008EFAEF /* ETA_ExampleViewController_Catalogs.h */ = {isa = PBXFileReference; fileEncoding = 4; lastKnownFileType = sourcecode.c.h; path = ETA_ExampleViewController_Catalogs.h; sourceTree = "<group>"; };
		17DBD1A817A7E073008EFAEF /* ETA_ExampleViewController_Catalogs.m */ = {isa = PBXFileReference; fileEncoding = 4; lastKnownFileType = sourcecode.c.objc; path = ETA_ExampleViewController_Catalogs.m; sourceTree = "<group>"; };
		17DBD1A917A7E073008EFAEF /* ETA_ExampleViewController_PageFlip.h */ = {isa = PBXFileReference; fileEncoding = 4; lastKnownFileType = sourcecode.c.h; path = ETA_ExampleViewController_PageFlip.h; sourceTree = "<group>"; };
		17DBD1AA17A7E073008EFAEF /* ETA_ExampleViewController_PageFlip.m */ = {isa = PBXFileReference; fileEncoding = 4; lastKnownFileType = sourcecode.c.objc; path = ETA_ExampleViewController_PageFlip.m; sourceTree = "<group>"; };
		17DBD1B617A7E4B6008EFAEF /* catalogThumbPlaceholder.png */ = {isa = PBXFileReference; lastKnownFileType = image.png; path = catalogThumbPlaceholder.png; sourceTree = "<group>"; };
		17F5304D17A9919700CB1DDE /* ETA-SDK Tests.octest */ = {isa = PBXFileReference; explicitFileType = wrapper.cfbundle; includeInIndex = 0; path = "ETA-SDK Tests.octest"; sourceTree = BUILT_PRODUCTS_DIR; };
		17F5304E17A9919700CB1DDE /* SenTestingKit.framework */ = {isa = PBXFileReference; lastKnownFileType = wrapper.framework; name = SenTestingKit.framework; path = Library/Frameworks/SenTestingKit.framework; sourceTree = DEVELOPER_DIR; };
		17F5305417A9919700CB1DDE /* ETA-SDK Tests-Info.plist */ = {isa = PBXFileReference; lastKnownFileType = text.plist.xml; path = "ETA-SDK Tests-Info.plist"; sourceTree = "<group>"; };
		17F5305617A9919700CB1DDE /* en */ = {isa = PBXFileReference; lastKnownFileType = text.plist.strings; name = en; path = en.lproj/InfoPlist.strings; sourceTree = "<group>"; };
		17F5305B17A9919700CB1DDE /* ETA-SDK Tests-Prefix.pch */ = {isa = PBXFileReference; lastKnownFileType = sourcecode.c.h; path = "ETA-SDK Tests-Prefix.pch"; sourceTree = "<group>"; };
		17F5305F17A991CC00CB1DDE /* ETA_SessionTests.m */ = {isa = PBXFileReference; fileEncoding = 4; lastKnownFileType = sourcecode.c.objc; path = ETA_SessionTests.m; sourceTree = "<group>"; };
		17F5306017A991CC00CB1DDE /* ETA_SessionTests.h */ = {isa = PBXFileReference; fileEncoding = 4; lastKnownFileType = sourcecode.c.h; path = ETA_SessionTests.h; sourceTree = "<group>"; };
		17F5306217A9942E00CB1DDE /* ETA_ETATests.h */ = {isa = PBXFileReference; fileEncoding = 4; lastKnownFileType = sourcecode.c.h; path = ETA_ETATests.h; sourceTree = "<group>"; };
		17F5306317A9942E00CB1DDE /* ETA_ETATests.m */ = {isa = PBXFileReference; fileEncoding = 4; lastKnownFileType = sourcecode.c.objc; path = ETA_ETATests.m; sourceTree = "<group>"; };
		17F5306517A9987600CB1DDE /* ETA_PermissionsTests.h */ = {isa = PBXFileReference; fileEncoding = 4; lastKnownFileType = sourcecode.c.h; path = ETA_PermissionsTests.h; sourceTree = "<group>"; };
		17F5306617A9987600CB1DDE /* ETA_PermissionsTests.m */ = {isa = PBXFileReference; fileEncoding = 4; lastKnownFileType = sourcecode.c.objc; path = ETA_PermissionsTests.m; sourceTree = "<group>"; };
		77709CE9799F4DDAA95A2183 /* libPods.a */ = {isa = PBXFileReference; explicitFileType = archive.ar; includeInIndex = 0; path = libPods.a; sourceTree = BUILT_PRODUCTS_DIR; };
		E879721C4D284582B9433684 /* Pods.xcconfig */ = {isa = PBXFileReference; includeInIndex = 1; lastKnownFileType = text.xcconfig; name = Pods.xcconfig; path = Pods/Pods.xcconfig; sourceTree = SOURCE_ROOT; };
		FE9E8E35B29843B690E233FB /* libPods.a */ = {isa = PBXFileReference; explicitFileType = archive.ar; includeInIndex = 0; path = libPods.a; sourceTree = BUILT_PRODUCTS_DIR; };
/* End PBXFileReference section */

/* Begin PBXFrameworksBuildPhase section */
		17DBD17D17A7DF5F008EFAEF /* Frameworks */ = {
			isa = PBXFrameworksBuildPhase;
			buildActionMask = 2147483647;
			files = (
				17DBD18417A7DF5F008EFAEF /* UIKit.framework in Frameworks */,
				17DBD18617A7DF5F008EFAEF /* Foundation.framework in Frameworks */,
				17DBD18817A7DF5F008EFAEF /* CoreGraphics.framework in Frameworks */,
				FDD67AA22915447798D7090D /* libPods.a in Frameworks */,
			);
			runOnlyForDeploymentPostprocessing = 0;
		};
		17F5304917A9919700CB1DDE /* Frameworks */ = {
			isa = PBXFrameworksBuildPhase;
			buildActionMask = 2147483647;
			files = (
				17F5304F17A9919700CB1DDE /* SenTestingKit.framework in Frameworks */,
				17F5305017A9919700CB1DDE /* UIKit.framework in Frameworks */,
				17F5305117A9919700CB1DDE /* Foundation.framework in Frameworks */,
				17A68BC23F9149A1A36A7A65 /* libPods.a in Frameworks */,
			);
			runOnlyForDeploymentPostprocessing = 0;
		};
/* End PBXFrameworksBuildPhase section */

/* Begin PBXGroup section */
		17DBD17717A7DF5F008EFAEF = {
			isa = PBXGroup;
			children = (
				17DBD18917A7DF5F008EFAEF /* ETA-SDK iOS Example */,
				17F5305217A9919700CB1DDE /* ETA-SDK Tests */,
				17DBD18217A7DF5F008EFAEF /* Frameworks */,
				17DBD18117A7DF5F008EFAEF /* Products */,
				091075AC27C147FF8C8DD5A4 /* Pods.xcconfig */,
				E879721C4D284582B9433684 /* Pods.xcconfig */,
			);
			sourceTree = "<group>";
		};
		17DBD18117A7DF5F008EFAEF /* Products */ = {
			isa = PBXGroup;
			children = (
				17DBD18017A7DF5F008EFAEF /* ETA-SDK iOS Example.app */,
				17F5304D17A9919700CB1DDE /* ETA-SDK Tests.octest */,
			);
			name = Products;
			sourceTree = "<group>";
		};
		17DBD18217A7DF5F008EFAEF /* Frameworks */ = {
			isa = PBXGroup;
			children = (
				17DBD18317A7DF5F008EFAEF /* UIKit.framework */,
				17DBD18517A7DF5F008EFAEF /* Foundation.framework */,
				17DBD18717A7DF5F008EFAEF /* CoreGraphics.framework */,
				FE9E8E35B29843B690E233FB /* libPods.a */,
				17F5304E17A9919700CB1DDE /* SenTestingKit.framework */,
				77709CE9799F4DDAA95A2183 /* libPods.a */,
			);
			name = Frameworks;
			sourceTree = "<group>";
		};
		17DBD18917A7DF5F008EFAEF /* ETA-SDK iOS Example */ = {
			isa = PBXGroup;
			children = (
				17DBD1A617A7E026008EFAEF /* ETA_APIKeyAndSecret.h */,
				17DBD19217A7DF5F008EFAEF /* ETA_AppDelegate.h */,
				17DBD19317A7DF5F008EFAEF /* ETA_AppDelegate.m */,
				17DBD19B17A7DF5F008EFAEF /* MainStoryboard.storyboard */,
				17DBD1A717A7E073008EFAEF /* ETA_ExampleViewController_Catalogs.h */,
				17DBD1A817A7E073008EFAEF /* ETA_ExampleViewController_Catalogs.m */,
				17DBD1A917A7E073008EFAEF /* ETA_ExampleViewController_PageFlip.h */,
				17DBD1AA17A7E073008EFAEF /* ETA_ExampleViewController_PageFlip.m */,
				17DBD18A17A7DF5F008EFAEF /* Supporting Files */,
			);
			path = "ETA-SDK iOS Example";
			sourceTree = "<group>";
		};
		17DBD18A17A7DF5F008EFAEF /* Supporting Files */ = {
			isa = PBXGroup;
			children = (
				17DBD18B17A7DF5F008EFAEF /* ETA-SDK iOS Example-Info.plist */,
				17DBD18C17A7DF5F008EFAEF /* InfoPlist.strings */,
				17DBD18F17A7DF5F008EFAEF /* main.m */,
				17DBD19117A7DF5F008EFAEF /* ETA-SDK iOS Example-Prefix.pch */,
				17DBD19517A7DF5F008EFAEF /* Default.png */,
				17DBD19717A7DF5F008EFAEF /* Default@2x.png */,
				17DBD19917A7DF5F008EFAEF /* Default-568h@2x.png */,
				17DBD1B617A7E4B6008EFAEF /* catalogThumbPlaceholder.png */,
			);
			name = "Supporting Files";
			sourceTree = "<group>";
		};
		17F5305217A9919700CB1DDE /* ETA-SDK Tests */ = {
			isa = PBXGroup;
			children = (
				17F5306217A9942E00CB1DDE /* ETA_ETATests.h */,
				17F5306317A9942E00CB1DDE /* ETA_ETATests.m */,
				17F5306517A9987600CB1DDE /* ETA_PermissionsTests.h */,
				17F5306617A9987600CB1DDE /* ETA_PermissionsTests.m */,
				17F5306017A991CC00CB1DDE /* ETA_SessionTests.h */,
				17F5305F17A991CC00CB1DDE /* ETA_SessionTests.m */,
				17F5305317A9919700CB1DDE /* Supporting Files */,
			);
			path = "ETA-SDK Tests";
			sourceTree = "<group>";
		};
		17F5305317A9919700CB1DDE /* Supporting Files */ = {
			isa = PBXGroup;
			children = (
				17F5305417A9919700CB1DDE /* ETA-SDK Tests-Info.plist */,
				17F5305517A9919700CB1DDE /* InfoPlist.strings */,
				17F5305B17A9919700CB1DDE /* ETA-SDK Tests-Prefix.pch */,
			);
			name = "Supporting Files";
			sourceTree = "<group>";
		};
/* End PBXGroup section */

/* Begin PBXNativeTarget section */
		17DBD17F17A7DF5F008EFAEF /* ETA-SDK iOS Example */ = {
			isa = PBXNativeTarget;
			buildConfigurationList = 17DBD1A317A7DF5F008EFAEF /* Build configuration list for PBXNativeTarget "ETA-SDK iOS Example" */;
			buildPhases = (
				0A4BBC2BD7B0415AAE05A4C6 /* Check Pods Manifest.lock */,
				17DBD17C17A7DF5F008EFAEF /* Sources */,
				17DBD17D17A7DF5F008EFAEF /* Frameworks */,
				17DBD17E17A7DF5F008EFAEF /* Resources */,
				1114EEF653E44B55985CB1F5 /* Copy Pods Resources */,
			);
			buildRules = (
			);
			dependencies = (
			);
			name = "ETA-SDK iOS Example";
			productName = "ETA-SDK iOS Example";
			productReference = 17DBD18017A7DF5F008EFAEF /* ETA-SDK iOS Example.app */;
			productType = "com.apple.product-type.application";
		};
		17F5304C17A9919700CB1DDE /* ETA-SDK Tests */ = {
			isa = PBXNativeTarget;
			buildConfigurationList = 17F5305E17A9919700CB1DDE /* Build configuration list for PBXNativeTarget "ETA-SDK Tests" */;
			buildPhases = (
				9AF146CCCE854395B69253AB /* Check Pods Manifest.lock */,
				17F5304817A9919700CB1DDE /* Sources */,
				17F5304917A9919700CB1DDE /* Frameworks */,
				17F5304A17A9919700CB1DDE /* Resources */,
				17F5304B17A9919700CB1DDE /* ShellScript */,
				2603C68B1C444F6286A09986 /* Copy Pods Resources */,
			);
			buildRules = (
			);
			dependencies = (
			);
			name = "ETA-SDK Tests";
			productName = "ETA-SDK Tests";
			productReference = 17F5304D17A9919700CB1DDE /* ETA-SDK Tests.octest */;
			productType = "com.apple.product-type.bundle";
		};
/* End PBXNativeTarget section */

/* Begin PBXProject section */
		17DBD17817A7DF5F008EFAEF /* Project object */ = {
			isa = PBXProject;
			attributes = {
				CLASSPREFIX = ETA_;
				LastUpgradeCheck = 0460;
				ORGANIZATIONNAME = eTilbudsavis;
			};
			buildConfigurationList = 17DBD17B17A7DF5F008EFAEF /* Build configuration list for PBXProject "ETA-SDK iOS Example" */;
			compatibilityVersion = "Xcode 3.2";
			developmentRegion = English;
			hasScannedForEncodings = 0;
			knownRegions = (
				en,
			);
			mainGroup = 17DBD17717A7DF5F008EFAEF;
			productRefGroup = 17DBD18117A7DF5F008EFAEF /* Products */;
			projectDirPath = "";
			projectRoot = "";
			targets = (
				17DBD17F17A7DF5F008EFAEF /* ETA-SDK iOS Example */,
				17F5304C17A9919700CB1DDE /* ETA-SDK Tests */,
			);
		};
/* End PBXProject section */

/* Begin PBXResourcesBuildPhase section */
		17DBD17E17A7DF5F008EFAEF /* Resources */ = {
			isa = PBXResourcesBuildPhase;
			buildActionMask = 2147483647;
			files = (
				17DBD18E17A7DF5F008EFAEF /* InfoPlist.strings in Resources */,
				17DBD19617A7DF5F008EFAEF /* Default.png in Resources */,
				17DBD19817A7DF5F008EFAEF /* Default@2x.png in Resources */,
				17DBD19A17A7DF5F008EFAEF /* Default-568h@2x.png in Resources */,
				17DBD19D17A7DF5F008EFAEF /* MainStoryboard.storyboard in Resources */,
				17DBD1B717A7E4B6008EFAEF /* catalogThumbPlaceholder.png in Resources */,
			);
			runOnlyForDeploymentPostprocessing = 0;
		};
		17F5304A17A9919700CB1DDE /* Resources */ = {
			isa = PBXResourcesBuildPhase;
			buildActionMask = 2147483647;
			files = (
				17F5305717A9919700CB1DDE /* InfoPlist.strings in Resources */,
			);
			runOnlyForDeploymentPostprocessing = 0;
		};
/* End PBXResourcesBuildPhase section */

/* Begin PBXShellScriptBuildPhase section */
		0A4BBC2BD7B0415AAE05A4C6 /* Check Pods Manifest.lock */ = {
			isa = PBXShellScriptBuildPhase;
			buildActionMask = 2147483647;
			files = (
			);
			inputPaths = (
			);
			name = "Check Pods Manifest.lock";
			outputPaths = (
			);
			runOnlyForDeploymentPostprocessing = 0;
			shellPath = /bin/sh;
			shellScript = "diff \"${PODS_ROOT}/../Podfile.lock\" \"${PODS_ROOT}/Manifest.lock\" > /dev/null\nif [[ $? != 0 ]] ; then\n    cat << EOM\nerror: The sandbox is not in sync with the Podfile.lock. Run 'pod install' or update your CocoaPods installation.\nEOM\n    exit 1\nfi\n";
		};
		1114EEF653E44B55985CB1F5 /* Copy Pods Resources */ = {
			isa = PBXShellScriptBuildPhase;
			buildActionMask = 2147483647;
			files = (
			);
			inputPaths = (
			);
			name = "Copy Pods Resources";
			outputPaths = (
			);
			runOnlyForDeploymentPostprocessing = 0;
			shellPath = /bin/sh;
			shellScript = "\"${SRCROOT}/Pods/Pods-resources.sh\"\n";
		};
		17F5304B17A9919700CB1DDE /* ShellScript */ = {
			isa = PBXShellScriptBuildPhase;
			buildActionMask = 2147483647;
			files = (
			);
			inputPaths = (
			);
			outputPaths = (
			);
			runOnlyForDeploymentPostprocessing = 0;
			shellPath = /bin/sh;
			shellScript = "# Run the unit tests in this test bundle.\n\"${SYSTEM_DEVELOPER_DIR}/Tools/RunUnitTests\"\n";
		};
		2603C68B1C444F6286A09986 /* Copy Pods Resources */ = {
			isa = PBXShellScriptBuildPhase;
			buildActionMask = 2147483647;
			files = (
			);
			inputPaths = (
			);
			name = "Copy Pods Resources";
			outputPaths = (
			);
			runOnlyForDeploymentPostprocessing = 0;
			shellPath = /bin/sh;
			shellScript = "\"${SRCROOT}/Pods/Pods-resources.sh\"\n";
		};
		9AF146CCCE854395B69253AB /* Check Pods Manifest.lock */ = {
			isa = PBXShellScriptBuildPhase;
			buildActionMask = 2147483647;
			files = (
			);
			inputPaths = (
			);
			name = "Check Pods Manifest.lock";
			outputPaths = (
			);
			runOnlyForDeploymentPostprocessing = 0;
			shellPath = /bin/sh;
			shellScript = "diff \"${PODS_ROOT}/../Podfile.lock\" \"${PODS_ROOT}/Manifest.lock\" > /dev/null\nif [[ $? != 0 ]] ; then\n    cat << EOM\nerror: The sandbox is not in sync with the Podfile.lock. Run 'pod install' or update your CocoaPods installation.\nEOM\n    exit 1\nfi\n";
		};
/* End PBXShellScriptBuildPhase section */

/* Begin PBXSourcesBuildPhase section */
		17DBD17C17A7DF5F008EFAEF /* Sources */ = {
			isa = PBXSourcesBuildPhase;
			buildActionMask = 2147483647;
			files = (
				17DBD19017A7DF5F008EFAEF /* main.m in Sources */,
				17DBD19417A7DF5F008EFAEF /* ETA_AppDelegate.m in Sources */,
				17DBD1AF17A7E073008EFAEF /* ETA_ExampleViewController_Catalogs.m in Sources */,
				17DBD1B017A7E073008EFAEF /* ETA_ExampleViewController_PageFlip.m in Sources */,
			);
			runOnlyForDeploymentPostprocessing = 0;
		};
		17F5304817A9919700CB1DDE /* Sources */ = {
			isa = PBXSourcesBuildPhase;
			buildActionMask = 2147483647;
			files = (
				17F5306117A991CC00CB1DDE /* ETA_SessionTests.m in Sources */,
				17F5306417A9942E00CB1DDE /* ETA_ETATests.m in Sources */,
				17F5306717A9987600CB1DDE /* ETA_PermissionsTests.m in Sources */,
			);
			runOnlyForDeploymentPostprocessing = 0;
		};
/* End PBXSourcesBuildPhase section */

/* Begin PBXVariantGroup section */
		17DBD18C17A7DF5F008EFAEF /* InfoPlist.strings */ = {
			isa = PBXVariantGroup;
			children = (
				17DBD18D17A7DF5F008EFAEF /* en */,
			);
			name = InfoPlist.strings;
			sourceTree = "<group>";
		};
		17DBD19B17A7DF5F008EFAEF /* MainStoryboard.storyboard */ = {
			isa = PBXVariantGroup;
			children = (
				17DBD19C17A7DF5F008EFAEF /* en */,
			);
			name = MainStoryboard.storyboard;
			sourceTree = "<group>";
		};
		17F5305517A9919700CB1DDE /* InfoPlist.strings */ = {
			isa = PBXVariantGroup;
			children = (
				17F5305617A9919700CB1DDE /* en */,
			);
			name = InfoPlist.strings;
			sourceTree = "<group>";
		};
/* End PBXVariantGroup section */

/* Begin XCBuildConfiguration section */
		17DBD1A117A7DF5F008EFAEF /* Debug */ = {
			isa = XCBuildConfiguration;
			buildSettings = {
				ALWAYS_SEARCH_USER_PATHS = NO;
				CLANG_CXX_LANGUAGE_STANDARD = "gnu++0x";
				CLANG_CXX_LIBRARY = "libc++";
				CLANG_ENABLE_OBJC_ARC = YES;
				CLANG_WARN_CONSTANT_CONVERSION = YES;
				CLANG_WARN_EMPTY_BODY = YES;
				CLANG_WARN_ENUM_CONVERSION = YES;
				CLANG_WARN_INT_CONVERSION = YES;
				CLANG_WARN__DUPLICATE_METHOD_MATCH = YES;
				"CODE_SIGN_IDENTITY[sdk=iphoneos*]" = "iPhone Developer";
				COPY_PHASE_STRIP = NO;
				GCC_C_LANGUAGE_STANDARD = gnu99;
				GCC_DYNAMIC_NO_PIC = NO;
				GCC_OPTIMIZATION_LEVEL = 0;
				GCC_PREPROCESSOR_DEFINITIONS = (
					"DEBUG=1",
					"$(inherited)",
				);
				GCC_SYMBOLS_PRIVATE_EXTERN = NO;
				GCC_WARN_ABOUT_RETURN_TYPE = YES;
				GCC_WARN_UNINITIALIZED_AUTOS = YES;
				GCC_WARN_UNUSED_VARIABLE = YES;
				IPHONEOS_DEPLOYMENT_TARGET = 6.1;
				ONLY_ACTIVE_ARCH = YES;
				SDKROOT = iphoneos;
			};
			name = Debug;
		};
		17DBD1A217A7DF5F008EFAEF /* Release */ = {
			isa = XCBuildConfiguration;
			buildSettings = {
				ALWAYS_SEARCH_USER_PATHS = NO;
				CLANG_CXX_LANGUAGE_STANDARD = "gnu++0x";
				CLANG_CXX_LIBRARY = "libc++";
				CLANG_ENABLE_OBJC_ARC = YES;
				CLANG_WARN_CONSTANT_CONVERSION = YES;
				CLANG_WARN_EMPTY_BODY = YES;
				CLANG_WARN_ENUM_CONVERSION = YES;
				CLANG_WARN_INT_CONVERSION = YES;
				CLANG_WARN__DUPLICATE_METHOD_MATCH = YES;
				"CODE_SIGN_IDENTITY[sdk=iphoneos*]" = "iPhone Developer";
				COPY_PHASE_STRIP = YES;
				GCC_C_LANGUAGE_STANDARD = gnu99;
				GCC_WARN_ABOUT_RETURN_TYPE = YES;
				GCC_WARN_UNINITIALIZED_AUTOS = YES;
				GCC_WARN_UNUSED_VARIABLE = YES;
				IPHONEOS_DEPLOYMENT_TARGET = 6.1;
				OTHER_CFLAGS = "-DNS_BLOCK_ASSERTIONS=1";
				SDKROOT = iphoneos;
				VALIDATE_PRODUCT = YES;
			};
			name = Release;
		};
		17DBD1A417A7DF5F008EFAEF /* Debug */ = {
			isa = XCBuildConfiguration;
			baseConfigurationReference = 091075AC27C147FF8C8DD5A4 /* Pods.xcconfig */;
			buildSettings = {
				GCC_PRECOMPILE_PREFIX_HEADER = YES;
				GCC_PREFIX_HEADER = "ETA-SDK iOS Example/ETA-SDK iOS Example-Prefix.pch";
				INFOPLIST_FILE = "ETA-SDK iOS Example/ETA-SDK iOS Example-Info.plist";
				IPHONEOS_DEPLOYMENT_TARGET = 5.0;
				PRODUCT_NAME = "$(TARGET_NAME)";
				WRAPPER_EXTENSION = app;
			};
			name = Debug;
		};
		17DBD1A517A7DF5F008EFAEF /* Release */ = {
			isa = XCBuildConfiguration;
			baseConfigurationReference = 091075AC27C147FF8C8DD5A4 /* Pods.xcconfig */;
			buildSettings = {
				GCC_PRECOMPILE_PREFIX_HEADER = YES;
				GCC_PREFIX_HEADER = "ETA-SDK iOS Example/ETA-SDK iOS Example-Prefix.pch";
				INFOPLIST_FILE = "ETA-SDK iOS Example/ETA-SDK iOS Example-Info.plist";
				IPHONEOS_DEPLOYMENT_TARGET = 5.0;
				PRODUCT_NAME = "$(TARGET_NAME)";
				WRAPPER_EXTENSION = app;
			};
			name = Release;
		};
		17F5305C17A9919700CB1DDE /* Debug */ = {
			isa = XCBuildConfiguration;
			baseConfigurationReference = E879721C4D284582B9433684 /* Pods.xcconfig */;
			buildSettings = {
				FRAMEWORK_SEARCH_PATHS = (
					"\"$(SDKROOT)/Developer/Library/Frameworks\"",
					"\"$(DEVELOPER_LIBRARY_DIR)/Frameworks\"",
				);
				GCC_PRECOMPILE_PREFIX_HEADER = YES;
				GCC_PREFIX_HEADER = "ETA-SDK Tests/ETA-SDK Tests-Prefix.pch";
				INFOPLIST_FILE = "ETA-SDK Tests/ETA-SDK Tests-Info.plist";
				PRODUCT_NAME = "$(TARGET_NAME)";
				WRAPPER_EXTENSION = octest;
			};
			name = Debug;
		};
		17F5305D17A9919700CB1DDE /* Release */ = {
			isa = XCBuildConfiguration;
			baseConfigurationReference = E879721C4D284582B9433684 /* Pods.xcconfig */;
			buildSettings = {
				FRAMEWORK_SEARCH_PATHS = (
					"\"$(SDKROOT)/Developer/Library/Frameworks\"",
					"\"$(DEVELOPER_LIBRARY_DIR)/Frameworks\"",
				);
				GCC_PRECOMPILE_PREFIX_HEADER = YES;
				GCC_PREFIX_HEADER = "ETA-SDK Tests/ETA-SDK Tests-Prefix.pch";
				INFOPLIST_FILE = "ETA-SDK Tests/ETA-SDK Tests-Info.plist";
				PRODUCT_NAME = "$(TARGET_NAME)";
				WRAPPER_EXTENSION = octest;
			};
			name = Release;
		};
/* End XCBuildConfiguration section */

/* Begin XCConfigurationList section */
		17DBD17B17A7DF5F008EFAEF /* Build configuration list for PBXProject "ETA-SDK iOS Example" */ = {
			isa = XCConfigurationList;
			buildConfigurations = (
				17DBD1A117A7DF5F008EFAEF /* Debug */,
				17DBD1A217A7DF5F008EFAEF /* Release */,
			);
			defaultConfigurationIsVisible = 0;
			defaultConfigurationName = Release;
		};
		17DBD1A317A7DF5F008EFAEF /* Build configuration list for PBXNativeTarget "ETA-SDK iOS Example" */ = {
			isa = XCConfigurationList;
			buildConfigurations = (
				17DBD1A417A7DF5F008EFAEF /* Debug */,
				17DBD1A517A7DF5F008EFAEF /* Release */,
			);
			defaultConfigurationIsVisible = 0;
			defaultConfigurationName = Release;
		};
		17F5305E17A9919700CB1DDE /* Build configuration list for PBXNativeTarget "ETA-SDK Tests" */ = {
			isa = XCConfigurationList;
			buildConfigurations = (
				17F5305C17A9919700CB1DDE /* Debug */,
				17F5305D17A9919700CB1DDE /* Release */,
			);
			defaultConfigurationIsVisible = 0;
			defaultConfigurationName = Release;
		};
/* End XCConfigurationList section */
	};
	rootObject = 17DBD17817A7DF5F008EFAEF /* Project object */;
}
