// !$*UTF8*$!
{
	archiveVersion = 1;
	classes = {
	};
	objectVersion = 46;
	objects = {

/* Begin PBXBuildFile section */
		92E3528243183C9F3EE5F403 /* libPods-ETA-SDK Example.a in Frameworks */ = {isa = PBXBuildFile; fileRef = F61F34FD3CBE21627F4F8F83 /* libPods-ETA-SDK Example.a */; };
		AE71DB2F1A2758870090297F /* main.m in Sources */ = {isa = PBXBuildFile; fileRef = AE71DB2E1A2758870090297F /* main.m */; };
		AE71DB321A2758870090297F /* AppDelegate.m in Sources */ = {isa = PBXBuildFile; fileRef = AE71DB311A2758870090297F /* AppDelegate.m */; };
		AE71DB381A2758870090297F /* Main.storyboard in Resources */ = {isa = PBXBuildFile; fileRef = AE71DB361A2758870090297F /* Main.storyboard */; };
		AE71DB3A1A2758870090297F /* Images.xcassets in Resources */ = {isa = PBXBuildFile; fileRef = AE71DB391A2758870090297F /* Images.xcassets */; };
		AE71DB3D1A2758870090297F /* LaunchScreen.xib in Resources */ = {isa = PBXBuildFile; fileRef = AE71DB3B1A2758870090297F /* LaunchScreen.xib */; };
		AE71DB931A2774F00090297F /* CatalogsListViewController.m in Sources */ = {isa = PBXBuildFile; fileRef = AE71DB901A2774F00090297F /* CatalogsListViewController.m */; };
		AE71DB971A2840C10090297F /* CatalogReaderViewController.m in Sources */ = {isa = PBXBuildFile; fileRef = AE71DB961A2840C10090297F /* CatalogReaderViewController.m */; };
/* End PBXBuildFile section */

/* Begin PBXFileReference section */
		80E29D29677AB5FA82ABB9EB /* Pods-ETA-SDK Example.release.xcconfig */ = {isa = PBXFileReference; includeInIndex = 1; lastKnownFileType = text.xcconfig; name = "Pods-ETA-SDK Example.release.xcconfig"; path = "Pods/Target Support Files/Pods-ETA-SDK Example/Pods-ETA-SDK Example.release.xcconfig"; sourceTree = "<group>"; };
		98C377D688E9FA415F484455 /* Pods-ETA-SDK Example.debug.xcconfig */ = {isa = PBXFileReference; includeInIndex = 1; lastKnownFileType = text.xcconfig; name = "Pods-ETA-SDK Example.debug.xcconfig"; path = "Pods/Target Support Files/Pods-ETA-SDK Example/Pods-ETA-SDK Example.debug.xcconfig"; sourceTree = "<group>"; };
		AA1BAECAC10B58C376CF3925 /* libPods.a */ = {isa = PBXFileReference; explicitFileType = archive.ar; includeInIndex = 0; path = libPods.a; sourceTree = BUILT_PRODUCTS_DIR; };
		AE71DB291A2758870090297F /* ETA-SDK Example.app */ = {isa = PBXFileReference; explicitFileType = wrapper.application; includeInIndex = 0; path = "ETA-SDK Example.app"; sourceTree = BUILT_PRODUCTS_DIR; };
		AE71DB2D1A2758870090297F /* Info.plist */ = {isa = PBXFileReference; lastKnownFileType = text.plist.xml; path = Info.plist; sourceTree = "<group>"; };
		AE71DB2E1A2758870090297F /* main.m */ = {isa = PBXFileReference; lastKnownFileType = sourcecode.c.objc; path = main.m; sourceTree = "<group>"; };
		AE71DB301A2758870090297F /* AppDelegate.h */ = {isa = PBXFileReference; lastKnownFileType = sourcecode.c.h; path = AppDelegate.h; sourceTree = "<group>"; };
		AE71DB311A2758870090297F /* AppDelegate.m */ = {isa = PBXFileReference; lastKnownFileType = sourcecode.c.objc; path = AppDelegate.m; sourceTree = "<group>"; };
		AE71DB371A2758870090297F /* Base */ = {isa = PBXFileReference; lastKnownFileType = file.storyboard; name = Base; path = Base.lproj/Main.storyboard; sourceTree = "<group>"; };
		AE71DB391A2758870090297F /* Images.xcassets */ = {isa = PBXFileReference; lastKnownFileType = folder.assetcatalog; path = Images.xcassets; sourceTree = "<group>"; };
		AE71DB3C1A2758870090297F /* Base */ = {isa = PBXFileReference; lastKnownFileType = file.xib; name = Base; path = Base.lproj/LaunchScreen.xib; sourceTree = "<group>"; };
		AE71DB531A2759A80090297F /* CHANGES.md */ = {isa = PBXFileReference; lastKnownFileType = net.daringfireball.markdown; name = CHANGES.md; path = ../CHANGES.md; sourceTree = "<group>"; };
		AE71DB541A2759A80090297F /* ETA-SDK.podspec */ = {isa = PBXFileReference; lastKnownFileType = text; name = "ETA-SDK.podspec"; path = "../ETA-SDK.podspec"; sourceTree = "<group>"; xcLanguageSpecificationIdentifier = xcode.lang.ruby; };
		AE71DB551A2759A80090297F /* LICENSE.md */ = {isa = PBXFileReference; lastKnownFileType = net.daringfireball.markdown; name = LICENSE.md; path = ../LICENSE.md; sourceTree = "<group>"; };
		AE71DB561A2759A80090297F /* README.md */ = {isa = PBXFileReference; lastKnownFileType = net.daringfireball.markdown; name = README.md; path = ../README.md; sourceTree = "<group>"; };
		AE71DB8D1A276E290090297F /* ETA_APIKeyAndSecret.h */ = {isa = PBXFileReference; fileEncoding = 4; lastKnownFileType = sourcecode.c.h; path = ETA_APIKeyAndSecret.h; sourceTree = "<group>"; };
		AE71DB8E1A2772F40090297F /* ETA-SDK Example-prefix.pch */ = {isa = PBXFileReference; lastKnownFileType = sourcecode.c.h; path = "ETA-SDK Example-prefix.pch"; sourceTree = "<group>"; };
		AE71DB8F1A2774F00090297F /* CatalogsListViewController.h */ = {isa = PBXFileReference; fileEncoding = 4; lastKnownFileType = sourcecode.c.h; path = CatalogsListViewController.h; sourceTree = "<group>"; };
		AE71DB901A2774F00090297F /* CatalogsListViewController.m */ = {isa = PBXFileReference; fileEncoding = 4; lastKnownFileType = sourcecode.c.objc; path = CatalogsListViewController.m; sourceTree = "<group>"; };
		AE71DB951A2840C10090297F /* CatalogReaderViewController.h */ = {isa = PBXFileReference; fileEncoding = 4; lastKnownFileType = sourcecode.c.h; path = CatalogReaderViewController.h; sourceTree = "<group>"; };
		AE71DB961A2840C10090297F /* CatalogReaderViewController.m */ = {isa = PBXFileReference; fileEncoding = 4; lastKnownFileType = sourcecode.c.objc; path = CatalogReaderViewController.m; sourceTree = "<group>"; };
		F61F34FD3CBE21627F4F8F83 /* libPods-ETA-SDK Example.a */ = {isa = PBXFileReference; explicitFileType = archive.ar; includeInIndex = 0; path = "libPods-ETA-SDK Example.a"; sourceTree = BUILT_PRODUCTS_DIR; };
/* End PBXFileReference section */

/* Begin PBXFrameworksBuildPhase section */
		D071168DB1EC261D950029F0 /* Frameworks */ = {
			isa = PBXFrameworksBuildPhase;
			buildActionMask = 2147483647;
			files = (
				92E3528243183C9F3EE5F403 /* libPods-ETA-SDK Example.a in Frameworks */,
			);
			runOnlyForDeploymentPostprocessing = 0;
		};
/* End PBXFrameworksBuildPhase section */

/* Begin PBXGroup section */
		56C6A02BC1B8BA3D2BFC1805 /* Pods */ = {
			isa = PBXGroup;
			children = (
				98C377D688E9FA415F484455 /* Pods-ETA-SDK Example.debug.xcconfig */,
				80E29D29677AB5FA82ABB9EB /* Pods-ETA-SDK Example.release.xcconfig */,
			);
			name = Pods;
			sourceTree = "<group>";
		};
		7AF9430D6C9D6314F0D60F79 /* Frameworks */ = {
			isa = PBXGroup;
			children = (
				AA1BAECAC10B58C376CF3925 /* libPods.a */,
				F61F34FD3CBE21627F4F8F83 /* libPods-ETA-SDK Example.a */,
			);
			name = Frameworks;
			sourceTree = "<group>";
		};
		AE71DB201A2758870090297F = {
			isa = PBXGroup;
			children = (
				AE71DB521A27599B0090297F /* Podspec */,
				AE71DB2B1A2758870090297F /* ETA-SDK Example */,
				AE71DB2A1A2758870090297F /* Products */,
				56C6A02BC1B8BA3D2BFC1805 /* Pods */,
				7AF9430D6C9D6314F0D60F79 /* Frameworks */,
			);
			sourceTree = "<group>";
		};
		AE71DB2A1A2758870090297F /* Products */ = {
			isa = PBXGroup;
			children = (
				AE71DB291A2758870090297F /* ETA-SDK Example.app */,
			);
			name = Products;
			sourceTree = "<group>";
		};
		AE71DB2B1A2758870090297F /* ETA-SDK Example */ = {
			isa = PBXGroup;
			children = (
				AE71DB8D1A276E290090297F /* ETA_APIKeyAndSecret.h */,
				AE71DB301A2758870090297F /* AppDelegate.h */,
				AE71DB311A2758870090297F /* AppDelegate.m */,
				AE71DB8F1A2774F00090297F /* CatalogsListViewController.h */,
				AE71DB901A2774F00090297F /* CatalogsListViewController.m */,
				AE71DB951A2840C10090297F /* CatalogReaderViewController.h */,
				AE71DB961A2840C10090297F /* CatalogReaderViewController.m */,
				AE71DB361A2758870090297F /* Main.storyboard */,
				AE71DB391A2758870090297F /* Images.xcassets */,
				AE71DB3B1A2758870090297F /* LaunchScreen.xib */,
				AE71DB2C1A2758870090297F /* Supporting Files */,
			);
			path = "ETA-SDK Example";
			sourceTree = "<group>";
		};
		AE71DB2C1A2758870090297F /* Supporting Files */ = {
			isa = PBXGroup;
			children = (
				AE71DB2D1A2758870090297F /* Info.plist */,
				AE71DB2E1A2758870090297F /* main.m */,
				AE71DB8E1A2772F40090297F /* ETA-SDK Example-prefix.pch */,
			);
			name = "Supporting Files";
			sourceTree = "<group>";
		};
		AE71DB521A27599B0090297F /* Podspec */ = {
			isa = PBXGroup;
			children = (
				AE71DB541A2759A80090297F /* ETA-SDK.podspec */,
				AE71DB531A2759A80090297F /* CHANGES.md */,
				AE71DB551A2759A80090297F /* LICENSE.md */,
				AE71DB561A2759A80090297F /* README.md */,
			);
			name = Podspec;
			sourceTree = "<group>";
		};
/* End PBXGroup section */

/* Begin PBXNativeTarget section */
		AE71DB281A2758870090297F /* ETA-SDK Example */ = {
			isa = PBXNativeTarget;
			buildConfigurationList = AE71DB4C1A2758870090297F /* Build configuration list for PBXNativeTarget "ETA-SDK Example" */;
			buildPhases = (
				DE7C6BC8D3E6C28184884411 /* [CP] Check Pods Manifest.lock */,
				AE71DB251A2758870090297F /* Sources */,
				AE71DB271A2758870090297F /* Resources */,
				D8BA0EB938F09FA75AEFD92E /* [CP] Copy Pods Resources */,
				D071168DB1EC261D950029F0 /* Frameworks */,
				399713C766292CB5B53EB9E7 /* [CP] Embed Pods Frameworks */,
			);
			buildRules = (
			);
			dependencies = (
			);
			name = "ETA-SDK Example";
			productName = "ETA-SDK Example";
			productReference = AE71DB291A2758870090297F /* ETA-SDK Example.app */;
			productType = "com.apple.product-type.application";
		};
/* End PBXNativeTarget section */

/* Begin PBXProject section */
		AE71DB211A2758870090297F /* Project object */ = {
			isa = PBXProject;
			attributes = {
				LastUpgradeCheck = 0810;
				ORGANIZATIONNAME = eTilbudsavis;
				TargetAttributes = {
					AE71DB281A2758870090297F = {
						CreatedOnToolsVersion = 6.1;
					};
				};
			};
			buildConfigurationList = AE71DB241A2758870090297F /* Build configuration list for PBXProject "ETA-SDK Example" */;
			compatibilityVersion = "Xcode 3.2";
			developmentRegion = English;
			hasScannedForEncodings = 0;
			knownRegions = (
				en,
				Base,
			);
			mainGroup = AE71DB201A2758870090297F;
			productRefGroup = AE71DB2A1A2758870090297F /* Products */;
			projectDirPath = "";
			projectRoot = "";
			targets = (
				AE71DB281A2758870090297F /* ETA-SDK Example */,
			);
		};
/* End PBXProject section */

/* Begin PBXResourcesBuildPhase section */
		AE71DB271A2758870090297F /* Resources */ = {
			isa = PBXResourcesBuildPhase;
			buildActionMask = 2147483647;
			files = (
				AE71DB381A2758870090297F /* Main.storyboard in Resources */,
				AE71DB3D1A2758870090297F /* LaunchScreen.xib in Resources */,
				AE71DB3A1A2758870090297F /* Images.xcassets in Resources */,
			);
			runOnlyForDeploymentPostprocessing = 0;
		};
/* End PBXResourcesBuildPhase section */

/* Begin PBXShellScriptBuildPhase section */
		399713C766292CB5B53EB9E7 /* [CP] Embed Pods Frameworks */ = {
			isa = PBXShellScriptBuildPhase;
			buildActionMask = 2147483647;
			files = (
			);
			inputPaths = (
			);
			name = "[CP] Embed Pods Frameworks";
			outputPaths = (
			);
			runOnlyForDeploymentPostprocessing = 0;
			shellPath = /bin/sh;
			shellScript = "\"${SRCROOT}/Pods/Target Support Files/Pods-ETA-SDK Example/Pods-ETA-SDK Example-frameworks.sh\"\n";
			showEnvVarsInLog = 0;
		};
		D8BA0EB938F09FA75AEFD92E /* [CP] Copy Pods Resources */ = {
			isa = PBXShellScriptBuildPhase;
			buildActionMask = 2147483647;
			files = (
			);
			inputPaths = (
			);
			name = "[CP] Copy Pods Resources";
			outputPaths = (
			);
			runOnlyForDeploymentPostprocessing = 0;
			shellPath = /bin/sh;
			shellScript = "\"${SRCROOT}/Pods/Target Support Files/Pods-ETA-SDK Example/Pods-ETA-SDK Example-resources.sh\"\n";
			showEnvVarsInLog = 0;
		};
		DE7C6BC8D3E6C28184884411 /* [CP] Check Pods Manifest.lock */ = {
			isa = PBXShellScriptBuildPhase;
			buildActionMask = 2147483647;
			files = (
			);
			inputPaths = (
			);
			name = "[CP] Check Pods Manifest.lock";
			outputPaths = (
			);
			runOnlyForDeploymentPostprocessing = 0;
			shellPath = /bin/sh;
			shellScript = "diff \"${PODS_ROOT}/../Podfile.lock\" \"${PODS_ROOT}/Manifest.lock\" > /dev/null\nif [ $? != 0 ] ; then\n    # print error to STDERR\n    echo \"error: The sandbox is not in sync with the Podfile.lock. Run 'pod install' or update your CocoaPods installation.\" >&2\n    exit 1\nfi\n";
			showEnvVarsInLog = 0;
		};
/* End PBXShellScriptBuildPhase section */

/* Begin PBXSourcesBuildPhase section */
		AE71DB251A2758870090297F /* Sources */ = {
			isa = PBXSourcesBuildPhase;
			buildActionMask = 2147483647;
			files = (
				AE71DB931A2774F00090297F /* CatalogsListViewController.m in Sources */,
				AE71DB321A2758870090297F /* AppDelegate.m in Sources */,
				AE71DB971A2840C10090297F /* CatalogReaderViewController.m in Sources */,
				AE71DB2F1A2758870090297F /* main.m in Sources */,
			);
			runOnlyForDeploymentPostprocessing = 0;
		};
/* End PBXSourcesBuildPhase section */

/* Begin PBXVariantGroup section */
		AE71DB361A2758870090297F /* Main.storyboard */ = {
			isa = PBXVariantGroup;
			children = (
				AE71DB371A2758870090297F /* Base */,
			);
			name = Main.storyboard;
			sourceTree = "<group>";
		};
		AE71DB3B1A2758870090297F /* LaunchScreen.xib */ = {
			isa = PBXVariantGroup;
			children = (
				AE71DB3C1A2758870090297F /* Base */,
			);
			name = LaunchScreen.xib;
			sourceTree = "<group>";
		};
/* End PBXVariantGroup section */

/* Begin XCBuildConfiguration section */
		AE71DB4A1A2758870090297F /* Debug */ = {
			isa = XCBuildConfiguration;
			buildSettings = {
				ALWAYS_SEARCH_USER_PATHS = NO;
				CLANG_CXX_LANGUAGE_STANDARD = "gnu++0x";
				CLANG_CXX_LIBRARY = "libc++";
				CLANG_ENABLE_MODULES = YES;
				CLANG_ENABLE_OBJC_ARC = YES;
				CLANG_WARN_BOOL_CONVERSION = YES;
				CLANG_WARN_CONSTANT_CONVERSION = YES;
				CLANG_WARN_DIRECT_OBJC_ISA_USAGE = YES_ERROR;
				CLANG_WARN_EMPTY_BODY = YES;
				CLANG_WARN_ENUM_CONVERSION = YES;
				CLANG_WARN_INFINITE_RECURSION = YES;
				CLANG_WARN_INT_CONVERSION = YES;
				CLANG_WARN_OBJC_ROOT_CLASS = YES_ERROR;
				CLANG_WARN_SUSPICIOUS_MOVE = YES;
				CLANG_WARN_UNREACHABLE_CODE = YES;
				CLANG_WARN__DUPLICATE_METHOD_MATCH = YES;
				"CODE_SIGN_IDENTITY[sdk=iphoneos*]" = "iPhone Developer";
				COPY_PHASE_STRIP = NO;
				ENABLE_STRICT_OBJC_MSGSEND = YES;
				ENABLE_TESTABILITY = YES;
				GCC_C_LANGUAGE_STANDARD = gnu99;
				GCC_DYNAMIC_NO_PIC = NO;
				GCC_NO_COMMON_BLOCKS = YES;
				GCC_OPTIMIZATION_LEVEL = 0;
				GCC_PREPROCESSOR_DEFINITIONS = (
					"DEBUG=1",
					"$(inherited)",
				);
				GCC_SYMBOLS_PRIVATE_EXTERN = NO;
				GCC_WARN_64_TO_32_BIT_CONVERSION = YES;
				GCC_WARN_ABOUT_RETURN_TYPE = YES_ERROR;
				GCC_WARN_UNDECLARED_SELECTOR = YES;
				GCC_WARN_UNINITIALIZED_AUTOS = YES_AGGRESSIVE;
				GCC_WARN_UNUSED_FUNCTION = YES;
				GCC_WARN_UNUSED_VARIABLE = YES;
				IPHONEOS_DEPLOYMENT_TARGET = 8.0;
				MTL_ENABLE_DEBUG_INFO = YES;
				ONLY_ACTIVE_ARCH = YES;
				SDKROOT = iphoneos;
				TARGETED_DEVICE_FAMILY = "1,2";
			};
			name = Debug;
		};
		AE71DB4B1A2758870090297F /* Release */ = {
			isa = XCBuildConfiguration;
			buildSettings = {
				ALWAYS_SEARCH_USER_PATHS = NO;
				CLANG_CXX_LANGUAGE_STANDARD = "gnu++0x";
				CLANG_CXX_LIBRARY = "libc++";
				CLANG_ENABLE_MODULES = YES;
				CLANG_ENABLE_OBJC_ARC = YES;
				CLANG_WARN_BOOL_CONVERSION = YES;
				CLANG_WARN_CONSTANT_CONVERSION = YES;
				CLANG_WARN_DIRECT_OBJC_ISA_USAGE = YES_ERROR;
				CLANG_WARN_EMPTY_BODY = YES;
				CLANG_WARN_ENUM_CONVERSION = YES;
				CLANG_WARN_INFINITE_RECURSION = YES;
				CLANG_WARN_INT_CONVERSION = YES;
				CLANG_WARN_OBJC_ROOT_CLASS = YES_ERROR;
				CLANG_WARN_SUSPICIOUS_MOVE = YES;
				CLANG_WARN_UNREACHABLE_CODE = YES;
				CLANG_WARN__DUPLICATE_METHOD_MATCH = YES;
				"CODE_SIGN_IDENTITY[sdk=iphoneos*]" = "iPhone Developer";
				COPY_PHASE_STRIP = YES;
				ENABLE_NS_ASSERTIONS = NO;
				ENABLE_STRICT_OBJC_MSGSEND = YES;
				GCC_C_LANGUAGE_STANDARD = gnu99;
				GCC_NO_COMMON_BLOCKS = YES;
				GCC_WARN_64_TO_32_BIT_CONVERSION = YES;
				GCC_WARN_ABOUT_RETURN_TYPE = YES_ERROR;
				GCC_WARN_UNDECLARED_SELECTOR = YES;
				GCC_WARN_UNINITIALIZED_AUTOS = YES_AGGRESSIVE;
				GCC_WARN_UNUSED_FUNCTION = YES;
				GCC_WARN_UNUSED_VARIABLE = YES;
				IPHONEOS_DEPLOYMENT_TARGET = 8.0;
				MTL_ENABLE_DEBUG_INFO = NO;
				SDKROOT = iphoneos;
				TARGETED_DEVICE_FAMILY = "1,2";
				VALIDATE_PRODUCT = YES;
			};
			name = Release;
		};
		AE71DB4D1A2758870090297F /* Debug */ = {
			isa = XCBuildConfiguration;
			baseConfigurationReference = 98C377D688E9FA415F484455 /* Pods-ETA-SDK Example.debug.xcconfig */;
			buildSettings = {
				ASSETCATALOG_COMPILER_APPICON_NAME = AppIcon;
				ASSETCATALOG_COMPILER_LAUNCHIMAGE_NAME = LaunchImage;
				GCC_PREFIX_HEADER = "ETA-SDK Example/ETA-SDK Example-prefix.pch";
				INFOPLIST_FILE = "ETA-SDK Example/Info.plist";
				PRODUCT_BUNDLE_IDENTIFIER = "eTilbudsavis.$(PRODUCT_NAME:rfc1034identifier)";
				PRODUCT_NAME = "$(TARGET_NAME)";
			};
			name = Debug;
		};
		AE71DB4E1A2758870090297F /* Release */ = {
			isa = XCBuildConfiguration;
			baseConfigurationReference = 80E29D29677AB5FA82ABB9EB /* Pods-ETA-SDK Example.release.xcconfig */;
			buildSettings = {
				ASSETCATALOG_COMPILER_APPICON_NAME = AppIcon;
				ASSETCATALOG_COMPILER_LAUNCHIMAGE_NAME = LaunchImage;
				GCC_PREFIX_HEADER = "ETA-SDK Example/ETA-SDK Example-prefix.pch";
				INFOPLIST_FILE = "ETA-SDK Example/Info.plist";
				PRODUCT_BUNDLE_IDENTIFIER = "eTilbudsavis.$(PRODUCT_NAME:rfc1034identifier)";
				PRODUCT_NAME = "$(TARGET_NAME)";
			};
			name = Release;
		};
/* End XCBuildConfiguration section */

/* Begin XCConfigurationList section */
		AE71DB241A2758870090297F /* Build configuration list for PBXProject "ETA-SDK Example" */ = {
			isa = XCConfigurationList;
			buildConfigurations = (
				AE71DB4A1A2758870090297F /* Debug */,
				AE71DB4B1A2758870090297F /* Release */,
			);
			defaultConfigurationIsVisible = 0;
			defaultConfigurationName = Release;
		};
		AE71DB4C1A2758870090297F /* Build configuration list for PBXNativeTarget "ETA-SDK Example" */ = {
			isa = XCConfigurationList;
			buildConfigurations = (
				AE71DB4D1A2758870090297F /* Debug */,
				AE71DB4E1A2758870090297F /* Release */,
			);
			defaultConfigurationIsVisible = 0;
			defaultConfigurationName = Release;
		};
/* End XCConfigurationList section */
	};
	rootObject = AE71DB211A2758870090297F /* Project object */;
}
