// !$*UTF8*$!
{
	archiveVersion = 1;
	classes = {
	};
	objectVersion = 46;
	objects = {

/* Begin PBXBuildFile section */
		1717FC1118ED814300A92AEA /* Images.xcassets in Resources */ = {isa = PBXBuildFile; fileRef = 1717FC1018ED814300A92AEA /* Images.xcassets */; };
		17DBD18417A7DF5F008EFAEF /* UIKit.framework in Frameworks */ = {isa = PBXBuildFile; fileRef = 17DBD18317A7DF5F008EFAEF /* UIKit.framework */; };
		17DBD18617A7DF5F008EFAEF /* Foundation.framework in Frameworks */ = {isa = PBXBuildFile; fileRef = 17DBD18517A7DF5F008EFAEF /* Foundation.framework */; };
		17DBD18817A7DF5F008EFAEF /* CoreGraphics.framework in Frameworks */ = {isa = PBXBuildFile; fileRef = 17DBD18717A7DF5F008EFAEF /* CoreGraphics.framework */; };
		17DBD18E17A7DF5F008EFAEF /* InfoPlist.strings in Resources */ = {isa = PBXBuildFile; fileRef = 17DBD18C17A7DF5F008EFAEF /* InfoPlist.strings */; };
		17DBD19017A7DF5F008EFAEF /* main.m in Sources */ = {isa = PBXBuildFile; fileRef = 17DBD18F17A7DF5F008EFAEF /* main.m */; };
		17DBD19417A7DF5F008EFAEF /* ETA_AppDelegate.m in Sources */ = {isa = PBXBuildFile; fileRef = 17DBD19317A7DF5F008EFAEF /* ETA_AppDelegate.m */; };
		17DBD19D17A7DF5F008EFAEF /* MainStoryboard.storyboard in Resources */ = {isa = PBXBuildFile; fileRef = 17DBD19B17A7DF5F008EFAEF /* MainStoryboard.storyboard */; };
		17DBD1AF17A7E073008EFAEF /* ETA_ExampleViewController_Catalogs.m in Sources */ = {isa = PBXBuildFile; fileRef = 17DBD1A817A7E073008EFAEF /* ETA_ExampleViewController_Catalogs.m */; };
		17DBD1B017A7E073008EFAEF /* ETA_ExampleViewController_CatalogView.m in Sources */ = {isa = PBXBuildFile; fileRef = 17DBD1AA17A7E073008EFAEF /* ETA_ExampleViewController_CatalogView.m */; };
		42C7A80F2271415D852FBAF9 /* libPods-ETA-SDK iOS Example.a in Frameworks */ = {isa = PBXBuildFile; fileRef = 413506CC2CA9452C9180A0FA /* libPods-ETA-SDK iOS Example.a */; };
/* End PBXBuildFile section */

/* Begin PBXFileReference section */
		1717FC1018ED814300A92AEA /* Images.xcassets */ = {isa = PBXFileReference; lastKnownFileType = folder.assetcatalog; name = Images.xcassets; path = "ETA-SDK iOS Example/Images.xcassets"; sourceTree = "<group>"; };
		17DBD18017A7DF5F008EFAEF /* ETA-SDK iOS Example.app */ = {isa = PBXFileReference; explicitFileType = wrapper.application; includeInIndex = 0; path = "ETA-SDK iOS Example.app"; sourceTree = BUILT_PRODUCTS_DIR; };
		17DBD18317A7DF5F008EFAEF /* UIKit.framework */ = {isa = PBXFileReference; lastKnownFileType = wrapper.framework; name = UIKit.framework; path = System/Library/Frameworks/UIKit.framework; sourceTree = SDKROOT; };
		17DBD18517A7DF5F008EFAEF /* Foundation.framework */ = {isa = PBXFileReference; lastKnownFileType = wrapper.framework; name = Foundation.framework; path = System/Library/Frameworks/Foundation.framework; sourceTree = SDKROOT; };
		17DBD18717A7DF5F008EFAEF /* CoreGraphics.framework */ = {isa = PBXFileReference; lastKnownFileType = wrapper.framework; name = CoreGraphics.framework; path = System/Library/Frameworks/CoreGraphics.framework; sourceTree = SDKROOT; };
		17DBD18B17A7DF5F008EFAEF /* ETA-SDK iOS Example-Info.plist */ = {isa = PBXFileReference; lastKnownFileType = text.plist.xml; path = "ETA-SDK iOS Example-Info.plist"; sourceTree = "<group>"; };
		17DBD18D17A7DF5F008EFAEF /* en */ = {isa = PBXFileReference; lastKnownFileType = text.plist.strings; name = en; path = en.lproj/InfoPlist.strings; sourceTree = "<group>"; };
		17DBD18F17A7DF5F008EFAEF /* main.m */ = {isa = PBXFileReference; lastKnownFileType = sourcecode.c.objc; path = main.m; sourceTree = "<group>"; };
		17DBD19117A7DF5F008EFAEF /* ETA-SDK iOS Example-Prefix.pch */ = {isa = PBXFileReference; lastKnownFileType = sourcecode.c.h; path = "ETA-SDK iOS Example-Prefix.pch"; sourceTree = "<group>"; };
		17DBD19217A7DF5F008EFAEF /* ETA_AppDelegate.h */ = {isa = PBXFileReference; lastKnownFileType = sourcecode.c.h; name = ETA_AppDelegate.h; path = "ETA-SDK iOS Example/ETA_AppDelegate.h"; sourceTree = "<group>"; };
		17DBD19317A7DF5F008EFAEF /* ETA_AppDelegate.m */ = {isa = PBXFileReference; lastKnownFileType = sourcecode.c.objc; name = ETA_AppDelegate.m; path = "ETA-SDK iOS Example/ETA_AppDelegate.m"; sourceTree = "<group>"; };
		17DBD19C17A7DF5F008EFAEF /* en */ = {isa = PBXFileReference; lastKnownFileType = file.storyboard; name = en; path = en.lproj/MainStoryboard.storyboard; sourceTree = "<group>"; };
		17DBD1A617A7E026008EFAEF /* ETA_APIKeyAndSecret.h */ = {isa = PBXFileReference; fileEncoding = 4; lastKnownFileType = sourcecode.c.h; name = ETA_APIKeyAndSecret.h; path = "ETA-SDK iOS Example/ETA_APIKeyAndSecret.h"; sourceTree = "<group>"; };
		17DBD1A717A7E073008EFAEF /* ETA_ExampleViewController_Catalogs.h */ = {isa = PBXFileReference; fileEncoding = 4; lastKnownFileType = sourcecode.c.h; name = ETA_ExampleViewController_Catalogs.h; path = "ETA-SDK iOS Example/ETA_ExampleViewController_Catalogs.h"; sourceTree = "<group>"; };
		17DBD1A817A7E073008EFAEF /* ETA_ExampleViewController_Catalogs.m */ = {isa = PBXFileReference; fileEncoding = 4; lastKnownFileType = sourcecode.c.objc; lineEnding = 0; name = ETA_ExampleViewController_Catalogs.m; path = "ETA-SDK iOS Example/ETA_ExampleViewController_Catalogs.m"; sourceTree = "<group>"; xcLanguageSpecificationIdentifier = xcode.lang.objc; };
		17DBD1A917A7E073008EFAEF /* ETA_ExampleViewController_CatalogView.h */ = {isa = PBXFileReference; fileEncoding = 4; lastKnownFileType = sourcecode.c.h; lineEnding = 0; name = ETA_ExampleViewController_CatalogView.h; path = "ETA-SDK iOS Example/ETA_ExampleViewController_CatalogView.h"; sourceTree = "<group>"; xcLanguageSpecificationIdentifier = xcode.lang.objcpp; };
		17DBD1AA17A7E073008EFAEF /* ETA_ExampleViewController_CatalogView.m */ = {isa = PBXFileReference; fileEncoding = 4; lastKnownFileType = sourcecode.c.objc; lineEnding = 0; name = ETA_ExampleViewController_CatalogView.m; path = "ETA-SDK iOS Example/ETA_ExampleViewController_CatalogView.m"; sourceTree = "<group>"; xcLanguageSpecificationIdentifier = xcode.lang.objc; };
		413506CC2CA9452C9180A0FA /* libPods-ETA-SDK iOS Example.a */ = {isa = PBXFileReference; explicitFileType = archive.ar; includeInIndex = 0; path = "libPods-ETA-SDK iOS Example.a"; sourceTree = BUILT_PRODUCTS_DIR; };
		41C0E69ABCD8317CF02294F5 /* Pods-ETA-SDK iOS Example.debug.xcconfig */ = {isa = PBXFileReference; includeInIndex = 1; lastKnownFileType = text.xcconfig; name = "Pods-ETA-SDK iOS Example.debug.xcconfig"; path = "../Pods/Target Support Files/Pods-ETA-SDK iOS Example/Pods-ETA-SDK iOS Example.debug.xcconfig"; sourceTree = "<group>"; };
		FF95E8B2DB52D55CEDFE2C28 /* Pods-ETA-SDK iOS Example.release.xcconfig */ = {isa = PBXFileReference; includeInIndex = 1; lastKnownFileType = text.xcconfig; name = "Pods-ETA-SDK iOS Example.release.xcconfig"; path = "../Pods/Target Support Files/Pods-ETA-SDK iOS Example/Pods-ETA-SDK iOS Example.release.xcconfig"; sourceTree = "<group>"; };
/* End PBXFileReference section */

/* Begin PBXFrameworksBuildPhase section */
		17DBD17D17A7DF5F008EFAEF /* Frameworks */ = {
			isa = PBXFrameworksBuildPhase;
			buildActionMask = 2147483647;
			files = (
				17DBD18417A7DF5F008EFAEF /* UIKit.framework in Frameworks */,
				17DBD18617A7DF5F008EFAEF /* Foundation.framework in Frameworks */,
				17DBD18817A7DF5F008EFAEF /* CoreGraphics.framework in Frameworks */,
				42C7A80F2271415D852FBAF9 /* libPods-ETA-SDK iOS Example.a in Frameworks */,
			);
			runOnlyForDeploymentPostprocessing = 0;
		};
/* End PBXFrameworksBuildPhase section */

/* Begin PBXGroup section */
		17DBD17717A7DF5F008EFAEF = {
			isa = PBXGroup;
			children = (
				17DBD1A617A7E026008EFAEF /* ETA_APIKeyAndSecret.h */,
				17DBD19217A7DF5F008EFAEF /* ETA_AppDelegate.h */,
				17DBD19317A7DF5F008EFAEF /* ETA_AppDelegate.m */,
				17DBD19B17A7DF5F008EFAEF /* MainStoryboard.storyboard */,
				17DBD1A717A7E073008EFAEF /* ETA_ExampleViewController_Catalogs.h */,
				17DBD1A817A7E073008EFAEF /* ETA_ExampleViewController_Catalogs.m */,
				17DBD1A917A7E073008EFAEF /* ETA_ExampleViewController_CatalogView.h */,
				17DBD1AA17A7E073008EFAEF /* ETA_ExampleViewController_CatalogView.m */,
				1717FC1018ED814300A92AEA /* Images.xcassets */,
				17DBD18A17A7DF5F008EFAEF /* Supporting Files */,
				17DBD18217A7DF5F008EFAEF /* Frameworks */,
				17DBD18117A7DF5F008EFAEF /* Products */,
				387047B513CE931E98EC6B61 /* Pods */,
			);
			sourceTree = "<group>";
		};
		17DBD18117A7DF5F008EFAEF /* Products */ = {
			isa = PBXGroup;
			children = (
				17DBD18017A7DF5F008EFAEF /* ETA-SDK iOS Example.app */,
			);
			name = Products;
			sourceTree = "<group>";
		};
		17DBD18217A7DF5F008EFAEF /* Frameworks */ = {
			isa = PBXGroup;
			children = (
				17DBD18317A7DF5F008EFAEF /* UIKit.framework */,
				17DBD18517A7DF5F008EFAEF /* Foundation.framework */,
				17DBD18717A7DF5F008EFAEF /* CoreGraphics.framework */,
				413506CC2CA9452C9180A0FA /* libPods-ETA-SDK iOS Example.a */,
			);
			name = Frameworks;
			sourceTree = "<group>";
		};
		17DBD18A17A7DF5F008EFAEF /* Supporting Files */ = {
			isa = PBXGroup;
			children = (
				17DBD18B17A7DF5F008EFAEF /* ETA-SDK iOS Example-Info.plist */,
				17DBD18C17A7DF5F008EFAEF /* InfoPlist.strings */,
				17DBD18F17A7DF5F008EFAEF /* main.m */,
				17DBD19117A7DF5F008EFAEF /* ETA-SDK iOS Example-Prefix.pch */,
			);
			name = "Supporting Files";
			path = "ETA-SDK iOS Example";
			sourceTree = "<group>";
		};
		387047B513CE931E98EC6B61 /* Pods */ = {
			isa = PBXGroup;
			children = (
				41C0E69ABCD8317CF02294F5 /* Pods-ETA-SDK iOS Example.debug.xcconfig */,
				FF95E8B2DB52D55CEDFE2C28 /* Pods-ETA-SDK iOS Example.release.xcconfig */,
			);
			name = Pods;
			sourceTree = "<group>";
		};
/* End PBXGroup section */

/* Begin PBXNativeTarget section */
		17DBD17F17A7DF5F008EFAEF /* ETA-SDK iOS Example */ = {
			isa = PBXNativeTarget;
			buildConfigurationList = 17DBD1A317A7DF5F008EFAEF /* Build configuration list for PBXNativeTarget "ETA-SDK iOS Example" */;
			buildPhases = (
				0A4BBC2BD7B0415AAE05A4C6 /* Check Pods Manifest.lock */,
				17DBD17C17A7DF5F008EFAEF /* Sources */,
				17DBD17D17A7DF5F008EFAEF /* Frameworks */,
				17DBD17E17A7DF5F008EFAEF /* Resources */,
				1114EEF653E44B55985CB1F5 /* Copy Pods Resources */,
			);
			buildRules = (
			);
			dependencies = (
			);
			name = "ETA-SDK iOS Example";
			productName = "ETA-SDK iOS Example";
			productReference = 17DBD18017A7DF5F008EFAEF /* ETA-SDK iOS Example.app */;
			productType = "com.apple.product-type.application";
		};
/* End PBXNativeTarget section */

/* Begin PBXProject section */
		17DBD17817A7DF5F008EFAEF /* Project object */ = {
			isa = PBXProject;
			attributes = {
				CLASSPREFIX = ETA_;
				LastUpgradeCheck = 0460;
				ORGANIZATIONNAME = eTilbudsavis;
			};
			buildConfigurationList = 17DBD17B17A7DF5F008EFAEF /* Build configuration list for PBXProject "ETA-SDK iOS Example" */;
			compatibilityVersion = "Xcode 3.2";
			developmentRegion = English;
			hasScannedForEncodings = 0;
			knownRegions = (
				en,
			);
			mainGroup = 17DBD17717A7DF5F008EFAEF;
			productRefGroup = 17DBD18117A7DF5F008EFAEF /* Products */;
			projectDirPath = "";
			projectRoot = "";
			targets = (
				17DBD17F17A7DF5F008EFAEF /* ETA-SDK iOS Example */,
			);
		};
/* End PBXProject section */

/* Begin PBXResourcesBuildPhase section */
		17DBD17E17A7DF5F008EFAEF /* Resources */ = {
			isa = PBXResourcesBuildPhase;
			buildActionMask = 2147483647;
			files = (
				17DBD18E17A7DF5F008EFAEF /* InfoPlist.strings in Resources */,
				1717FC1118ED814300A92AEA /* Images.xcassets in Resources */,
				17DBD19D17A7DF5F008EFAEF /* MainStoryboard.storyboard in Resources */,
			);
			runOnlyForDeploymentPostprocessing = 0;
		};
/* End PBXResourcesBuildPhase section */

/* Begin PBXShellScriptBuildPhase section */
		0A4BBC2BD7B0415AAE05A4C6 /* Check Pods Manifest.lock */ = {
			isa = PBXShellScriptBuildPhase;
			buildActionMask = 2147483647;
			files = (
			);
			inputPaths = (
			);
			name = "Check Pods Manifest.lock";
			outputPaths = (
			);
			runOnlyForDeploymentPostprocessing = 0;
			shellPath = /bin/sh;
			shellScript = "diff \"${PODS_ROOT}/../Podfile.lock\" \"${PODS_ROOT}/Manifest.lock\" > /dev/null\nif [[ $? != 0 ]] ; then\n    cat << EOM\nerror: The sandbox is not in sync with the Podfile.lock. Run 'pod install' or update your CocoaPods installation.\nEOM\n    exit 1\nfi\n";
		};
		1114EEF653E44B55985CB1F5 /* Copy Pods Resources */ = {
			isa = PBXShellScriptBuildPhase;
			buildActionMask = 2147483647;
			files = (
			);
			inputPaths = (
			);
			name = "Copy Pods Resources";
			outputPaths = (
			);
			runOnlyForDeploymentPostprocessing = 0;
			shellPath = /bin/sh;
			shellScript = "\"${SRCROOT}/../Pods/Target Support Files/Pods-ETA-SDK iOS Example/Pods-ETA-SDK iOS Example-resources.sh\"\n";
			showEnvVarsInLog = 0;
		};
/* End PBXShellScriptBuildPhase section */

/* Begin PBXSourcesBuildPhase section */
		17DBD17C17A7DF5F008EFAEF /* Sources */ = {
			isa = PBXSourcesBuildPhase;
			buildActionMask = 2147483647;
			files = (
				17DBD19017A7DF5F008EFAEF /* main.m in Sources */,
				17DBD19417A7DF5F008EFAEF /* ETA_AppDelegate.m in Sources */,
				17DBD1AF17A7E073008EFAEF /* ETA_ExampleViewController_Catalogs.m in Sources */,
				17DBD1B017A7E073008EFAEF /* ETA_ExampleViewController_CatalogView.m in Sources */,
			);
			runOnlyForDeploymentPostprocessing = 0;
		};
/* End PBXSourcesBuildPhase section */

/* Begin PBXVariantGroup section */
		17DBD18C17A7DF5F008EFAEF /* InfoPlist.strings */ = {
			isa = PBXVariantGroup;
			children = (
				17DBD18D17A7DF5F008EFAEF /* en */,
			);
			name = InfoPlist.strings;
			sourceTree = "<group>";
		};
		17DBD19B17A7DF5F008EFAEF /* MainStoryboard.storyboard */ = {
			isa = PBXVariantGroup;
			children = (
				17DBD19C17A7DF5F008EFAEF /* en */,
			);
			name = MainStoryboard.storyboard;
			path = "ETA-SDK iOS Example";
			sourceTree = "<group>";
		};
/* End PBXVariantGroup section */

/* Begin XCBuildConfiguration section */
		17DBD1A117A7DF5F008EFAEF /* Debug */ = {
			isa = XCBuildConfiguration;
			buildSettings = {
				ALWAYS_SEARCH_USER_PATHS = NO;
				CLANG_CXX_LANGUAGE_STANDARD = "gnu++0x";
				CLANG_CXX_LIBRARY = "libc++";
				CLANG_ENABLE_OBJC_ARC = YES;
				CLANG_WARN_CONSTANT_CONVERSION = YES;
				CLANG_WARN_EMPTY_BODY = YES;
				CLANG_WARN_ENUM_CONVERSION = YES;
				CLANG_WARN_INT_CONVERSION = YES;
				CLANG_WARN__DUPLICATE_METHOD_MATCH = YES;
				"CODE_SIGN_IDENTITY[sdk=iphoneos*]" = "iPhone Developer";
				COPY_PHASE_STRIP = NO;
				GCC_C_LANGUAGE_STANDARD = gnu99;
				GCC_DYNAMIC_NO_PIC = NO;
				GCC_OPTIMIZATION_LEVEL = 0;
				GCC_PREPROCESSOR_DEFINITIONS = (
					"DEBUG=1",
					"$(inherited)",
				);
				GCC_SYMBOLS_PRIVATE_EXTERN = NO;
				GCC_WARN_ABOUT_RETURN_TYPE = YES;
				GCC_WARN_UNINITIALIZED_AUTOS = YES;
				GCC_WARN_UNUSED_VARIABLE = YES;
				IPHONEOS_DEPLOYMENT_TARGET = 6.1;
				ONLY_ACTIVE_ARCH = YES;
				SDKROOT = iphoneos;
			};
			name = Debug;
		};
		17DBD1A217A7DF5F008EFAEF /* Release */ = {
			isa = XCBuildConfiguration;
			buildSettings = {
				ALWAYS_SEARCH_USER_PATHS = NO;
				CLANG_CXX_LANGUAGE_STANDARD = "gnu++0x";
				CLANG_CXX_LIBRARY = "libc++";
				CLANG_ENABLE_OBJC_ARC = YES;
				CLANG_WARN_CONSTANT_CONVERSION = YES;
				CLANG_WARN_EMPTY_BODY = YES;
				CLANG_WARN_ENUM_CONVERSION = YES;
				CLANG_WARN_INT_CONVERSION = YES;
				CLANG_WARN__DUPLICATE_METHOD_MATCH = YES;
				"CODE_SIGN_IDENTITY[sdk=iphoneos*]" = "iPhone Developer";
				COPY_PHASE_STRIP = YES;
				GCC_C_LANGUAGE_STANDARD = gnu99;
				GCC_WARN_ABOUT_RETURN_TYPE = YES;
				GCC_WARN_UNINITIALIZED_AUTOS = YES;
				GCC_WARN_UNUSED_VARIABLE = YES;
				IPHONEOS_DEPLOYMENT_TARGET = 6.1;
				OTHER_CFLAGS = "-DNS_BLOCK_ASSERTIONS=1";
				SDKROOT = iphoneos;
				VALIDATE_PRODUCT = YES;
			};
			name = Release;
		};
		17DBD1A417A7DF5F008EFAEF /* Debug */ = {
			isa = XCBuildConfiguration;
			baseConfigurationReference = 41C0E69ABCD8317CF02294F5 /* Pods-ETA-SDK iOS Example.debug.xcconfig */;
			buildSettings = {
				ASSETCATALOG_COMPILER_APPICON_NAME = AppIcon;
				ASSETCATALOG_COMPILER_LAUNCHIMAGE_NAME = LaunchImage;
				GCC_PRECOMPILE_PREFIX_HEADER = YES;
				GCC_PREFIX_HEADER = "ETA-SDK iOS Example/ETA-SDK iOS Example-Prefix.pch";
				INFOPLIST_FILE = "ETA-SDK iOS Example/ETA-SDK iOS Example-Info.plist";
				IPHONEOS_DEPLOYMENT_TARGET = 7.0;
				PRODUCT_NAME = "$(TARGET_NAME)";
				TARGETED_DEVICE_FAMILY = "1,2";
				WRAPPER_EXTENSION = app;
			};
			name = Debug;
		};
		17DBD1A517A7DF5F008EFAEF /* Release */ = {
			isa = XCBuildConfiguration;
			baseConfigurationReference = FF95E8B2DB52D55CEDFE2C28 /* Pods-ETA-SDK iOS Example.release.xcconfig */;
			buildSettings = {
				ASSETCATALOG_COMPILER_APPICON_NAME = AppIcon;
				ASSETCATALOG_COMPILER_LAUNCHIMAGE_NAME = LaunchImage;
				GCC_PRECOMPILE_PREFIX_HEADER = YES;
				GCC_PREFIX_HEADER = "ETA-SDK iOS Example/ETA-SDK iOS Example-Prefix.pch";
				INFOPLIST_FILE = "ETA-SDK iOS Example/ETA-SDK iOS Example-Info.plist";
				IPHONEOS_DEPLOYMENT_TARGET = 7.0;
				PRODUCT_NAME = "$(TARGET_NAME)";
				TARGETED_DEVICE_FAMILY = "1,2";
				WRAPPER_EXTENSION = app;
			};
			name = Release;
		};
/* End XCBuildConfiguration section */

/* Begin XCConfigurationList section */
		17DBD17B17A7DF5F008EFAEF /* Build configuration list for PBXProject "ETA-SDK iOS Example" */ = {
			isa = XCConfigurationList;
			buildConfigurations = (
				17DBD1A117A7DF5F008EFAEF /* Debug */,
				17DBD1A217A7DF5F008EFAEF /* Release */,
			);
			defaultConfigurationIsVisible = 0;
			defaultConfigurationName = Release;
		};
		17DBD1A317A7DF5F008EFAEF /* Build configuration list for PBXNativeTarget "ETA-SDK iOS Example" */ = {
			isa = XCConfigurationList;
			buildConfigurations = (
				17DBD1A417A7DF5F008EFAEF /* Debug */,
				17DBD1A517A7DF5F008EFAEF /* Release */,
			);
			defaultConfigurationIsVisible = 0;
			defaultConfigurationName = Release;
		};
/* End XCConfigurationList section */
	};
	rootObject = 17DBD17817A7DF5F008EFAEF /* Project object */;
}
