// !$*UTF8*$!
{
	archiveVersion = 1;
	classes = {
	};
	objectVersion = 50;
	objects = {

/* Begin PBXBuildFile section */
		AE1027F4212D68C500104921 /* ShopGunSDK.framework in Frameworks */ = {isa = PBXBuildFile; fileRef = AE1027F3212D68C500104921 /* ShopGunSDK.framework */; };
		AE4BDD9F22830A86008DB391 /* Incito.framework in Frameworks */ = {isa = PBXBuildFile; fileRef = AE4BDD9E22830A4A008DB391 /* Incito.framework */; };
		AE4BDDA322830AB6008DB391 /* FLAnimatedImage.framework in Frameworks */ = {isa = PBXBuildFile; fileRef = AE4BDDA222830AAE008DB391 /* FLAnimatedImage.framework */; };
		AE4BDDA422830AB6008DB391 /* Future.framework in Frameworks */ = {isa = PBXBuildFile; fileRef = AE4BDDA022830AAE008DB391 /* Future.framework */; };
		AE4BDDA522830AB6008DB391 /* GenericGeometry.framework in Frameworks */ = {isa = PBXBuildFile; fileRef = AE4BDDA122830AAE008DB391 /* GenericGeometry.framework */; };
		AE4BDDB622830ECC008DB391 /* DemoPagedPublicationViewController.swift in Sources */ = {isa = PBXBuildFile; fileRef = AE4BDDA722830ECC008DB391 /* DemoPagedPublicationViewController.swift */; };
		AE4BDDB722830ECC008DB391 /* RootViewController.swift in Sources */ = {isa = PBXBuildFile; fileRef = AE4BDDA822830ECC008DB391 /* RootViewController.swift */; };
		AE4BDDB822830ECC008DB391 /* LaunchScreen.storyboard in Resources */ = {isa = PBXBuildFile; fileRef = AE4BDDA922830ECC008DB391 /* LaunchScreen.storyboard */; };
		AE4BDDB922830ECC008DB391 /* Main.storyboard in Resources */ = {isa = PBXBuildFile; fileRef = AE4BDDAB22830ECC008DB391 /* Main.storyboard */; };
		AE4BDDBA22830ECC008DB391 /* ErrorViewController.swift in Sources */ = {isa = PBXBuildFile; fileRef = AE4BDDAD22830ECC008DB391 /* ErrorViewController.swift */; };
		AE4BDDBB22830ECC008DB391 /* PublicationListContentsViewController.swift in Sources */ = {isa = PBXBuildFile; fileRef = AE4BDDAE22830ECC008DB391 /* PublicationListContentsViewController.swift */; };
		AE4BDDBC22830ECC008DB391 /* PublicationListViewController.swift in Sources */ = {isa = PBXBuildFile; fileRef = AE4BDDAF22830ECC008DB391 /* PublicationListViewController.swift */; };
		AE4BDDBD22830ECC008DB391 /* AppDelegate.swift in Sources */ = {isa = PBXBuildFile; fileRef = AE4BDDB022830ECC008DB391 /* AppDelegate.swift */; };
		AE4BDDBE22830ECC008DB391 /* ShopGunSDK-Config.plist in Resources */ = {isa = PBXBuildFile; fileRef = AE4BDDB122830ECC008DB391 /* ShopGunSDK-Config.plist */; };
		AE4BDDBF22830ECC008DB391 /* DemoIncitoViewController.swift in Sources */ = {isa = PBXBuildFile; fileRef = AE4BDDB222830ECC008DB391 /* DemoIncitoViewController.swift */; };
		AE4BDDC122830ECC008DB391 /* UIViewController+Cycle.swift in Sources */ = {isa = PBXBuildFile; fileRef = AE4BDDB422830ECC008DB391 /* UIViewController+Cycle.swift */; };
		AE4BDDC222830ECC008DB391 /* LoadingViewController.swift in Sources */ = {isa = PBXBuildFile; fileRef = AE4BDDB522830ECC008DB391 /* LoadingViewController.swift */; };
		AEEF0D7C212D7A380004EFFC /* Kingfisher.framework in Frameworks */ = {isa = PBXBuildFile; fileRef = AEEF0D78212D7A380004EFFC /* Kingfisher.framework */; };
		AEEF0D7E212D7A380004EFFC /* Valet.framework in Frameworks */ = {isa = PBXBuildFile; fileRef = AEEF0D7A212D7A380004EFFC /* Valet.framework */; };
		AEEF0D7F212D7A380004EFFC /* Verso.framework in Frameworks */ = {isa = PBXBuildFile; fileRef = AEEF0D7B212D7A380004EFFC /* Verso.framework */; };
/* End PBXBuildFile section */

/* Begin PBXFileReference section */
		AE1027DD212D639C00104921 /* CarthageDemo.app */ = {isa = PBXFileReference; explicitFileType = wrapper.application; includeInIndex = 0; path = CarthageDemo.app; sourceTree = BUILT_PRODUCTS_DIR; };
		AE1027F3212D68C500104921 /* ShopGunSDK.framework */ = {isa = PBXFileReference; lastKnownFileType = wrapper.framework; name = ShopGunSDK.framework; path = Carthage/Build/iOS/ShopGunSDK.framework; sourceTree = "<group>"; };
		AE4BDD9E22830A4A008DB391 /* Incito.framework */ = {isa = PBXFileReference; lastKnownFileType = wrapper.framework; name = Incito.framework; path = Carthage/Build/iOS/Incito.framework; sourceTree = "<group>"; };
		AE4BDDA022830AAE008DB391 /* Future.framework */ = {isa = PBXFileReference; lastKnownFileType = wrapper.framework; name = Future.framework; path = Carthage/Build/iOS/Future.framework; sourceTree = "<group>"; };
		AE4BDDA122830AAE008DB391 /* GenericGeometry.framework */ = {isa = PBXFileReference; lastKnownFileType = wrapper.framework; name = GenericGeometry.framework; path = Carthage/Build/iOS/GenericGeometry.framework; sourceTree = "<group>"; };
		AE4BDDA222830AAE008DB391 /* FLAnimatedImage.framework */ = {isa = PBXFileReference; lastKnownFileType = wrapper.framework; name = FLAnimatedImage.framework; path = Carthage/Build/iOS/FLAnimatedImage.framework; sourceTree = "<group>"; };
		AE4BDDA722830ECC008DB391 /* DemoPagedPublicationViewController.swift */ = {isa = PBXFileReference; fileEncoding = 4; lastKnownFileType = sourcecode.swift; path = DemoPagedPublicationViewController.swift; sourceTree = "<group>"; };
		AE4BDDA822830ECC008DB391 /* RootViewController.swift */ = {isa = PBXFileReference; fileEncoding = 4; lastKnownFileType = sourcecode.swift; path = RootViewController.swift; sourceTree = "<group>"; };
		AE4BDDAA22830ECC008DB391 /* Base */ = {isa = PBXFileReference; lastKnownFileType = file.storyboard; name = Base; path = Base.lproj/LaunchScreen.storyboard; sourceTree = "<group>"; };
		AE4BDDAC22830ECC008DB391 /* Base */ = {isa = PBXFileReference; lastKnownFileType = file.storyboard; name = Base; path = Base.lproj/Main.storyboard; sourceTree = "<group>"; };
		AE4BDDAD22830ECC008DB391 /* ErrorViewController.swift */ = {isa = PBXFileReference; fileEncoding = 4; lastKnownFileType = sourcecode.swift; path = ErrorViewController.swift; sourceTree = "<group>"; };
		AE4BDDAE22830ECC008DB391 /* PublicationListContentsViewController.swift */ = {isa = PBXFileReference; fileEncoding = 4; lastKnownFileType = sourcecode.swift; path = PublicationListContentsViewController.swift; sourceTree = "<group>"; };
		AE4BDDAF22830ECC008DB391 /* PublicationListViewController.swift */ = {isa = PBXFileReference; fileEncoding = 4; lastKnownFileType = sourcecode.swift; path = PublicationListViewController.swift; sourceTree = "<group>"; };
		AE4BDDB022830ECC008DB391 /* AppDelegate.swift */ = {isa = PBXFileReference; fileEncoding = 4; lastKnownFileType = sourcecode.swift; path = AppDelegate.swift; sourceTree = "<group>"; };
		AE4BDDB122830ECC008DB391 /* ShopGunSDK-Config.plist */ = {isa = PBXFileReference; fileEncoding = 4; lastKnownFileType = text.plist.xml; path = "ShopGunSDK-Config.plist"; sourceTree = "<group>"; };
		AE4BDDB222830ECC008DB391 /* DemoIncitoViewController.swift */ = {isa = PBXFileReference; fileEncoding = 4; lastKnownFileType = sourcecode.swift; path = DemoIncitoViewController.swift; sourceTree = "<group>"; };
		AE4BDDB322830ECC008DB391 /* Info.plist */ = {isa = PBXFileReference; fileEncoding = 4; lastKnownFileType = text.plist.xml; path = Info.plist; sourceTree = "<group>"; };
		AE4BDDB422830ECC008DB391 /* UIViewController+Cycle.swift */ = {isa = PBXFileReference; fileEncoding = 4; lastKnownFileType = sourcecode.swift; path = "UIViewController+Cycle.swift"; sourceTree = "<group>"; };
		AE4BDDB522830ECC008DB391 /* LoadingViewController.swift */ = {isa = PBXFileReference; fileEncoding = 4; lastKnownFileType = sourcecode.swift; path = LoadingViewController.swift; sourceTree = "<group>"; };
		AE4BDDCA22831580008DB391 /* Readme.md */ = {isa = PBXFileReference; lastKnownFileType = net.daringfireball.markdown; path = Readme.md; sourceTree = "<group>"; };
		AEEF0D78212D7A380004EFFC /* Kingfisher.framework */ = {isa = PBXFileReference; lastKnownFileType = wrapper.framework; name = Kingfisher.framework; path = Carthage/Build/iOS/Kingfisher.framework; sourceTree = "<group>"; };
		AEEF0D7A212D7A380004EFFC /* Valet.framework */ = {isa = PBXFileReference; lastKnownFileType = wrapper.framework; name = Valet.framework; path = Carthage/Build/iOS/Valet.framework; sourceTree = "<group>"; };
		AEEF0D7B212D7A380004EFFC /* Verso.framework */ = {isa = PBXFileReference; lastKnownFileType = wrapper.framework; name = Verso.framework; path = Carthage/Build/iOS/Verso.framework; sourceTree = "<group>"; };
/* End PBXFileReference section */

/* Begin PBXFrameworksBuildPhase section */
		AE1027DA212D639C00104921 /* Frameworks */ = {
			isa = PBXFrameworksBuildPhase;
			buildActionMask = 2147483647;
			files = (
				AE4BDDA322830AB6008DB391 /* FLAnimatedImage.framework in Frameworks */,
				AE4BDDA422830AB6008DB391 /* Future.framework in Frameworks */,
				AE4BDDA522830AB6008DB391 /* GenericGeometry.framework in Frameworks */,
				AE4BDD9F22830A86008DB391 /* Incito.framework in Frameworks */,
				AEEF0D7C212D7A380004EFFC /* Kingfisher.framework in Frameworks */,
				AEEF0D7E212D7A380004EFFC /* Valet.framework in Frameworks */,
				AEEF0D7F212D7A380004EFFC /* Verso.framework in Frameworks */,
				AE1027F4212D68C500104921 /* ShopGunSDK.framework in Frameworks */,
			);
			runOnlyForDeploymentPostprocessing = 0;
		};
/* End PBXFrameworksBuildPhase section */

/* Begin PBXGroup section */
		AE1027D4212D639C00104921 = {
			isa = PBXGroup;
			children = (
				AE4BDDCA22831580008DB391 /* Readme.md */,
				AE4BDDA622830ECC008DB391 /* SharedSource */,
				AE1027DE212D639C00104921 /* Products */,
				AE1027F2212D68C400104921 /* Frameworks */,
			);
			sourceTree = "<group>";
		};
		AE1027DE212D639C00104921 /* Products */ = {
			isa = PBXGroup;
			children = (
				AE1027DD212D639C00104921 /* CarthageDemo.app */,
			);
			name = Products;
			sourceTree = "<group>";
		};
		AE1027F2212D68C400104921 /* Frameworks */ = {
			isa = PBXGroup;
			children = (
				AE4BDDA222830AAE008DB391 /* FLAnimatedImage.framework */,
				AE4BDDA022830AAE008DB391 /* Future.framework */,
				AE4BDDA122830AAE008DB391 /* GenericGeometry.framework */,
				AE4BDD9E22830A4A008DB391 /* Incito.framework */,
				AEEF0D78212D7A380004EFFC /* Kingfisher.framework */,
				AEEF0D7A212D7A380004EFFC /* Valet.framework */,
				AEEF0D7B212D7A380004EFFC /* Verso.framework */,
				AE1027F3212D68C500104921 /* ShopGunSDK.framework */,
			);
			name = Frameworks;
			sourceTree = "<group>";
		};
		AE4BDDA622830ECC008DB391 /* SharedSource */ = {
			isa = PBXGroup;
			children = (
				AE4BDDB122830ECC008DB391 /* ShopGunSDK-Config.plist */,
				AE4BDDB022830ECC008DB391 /* AppDelegate.swift */,
				AE4BDDA822830ECC008DB391 /* RootViewController.swift */,
				AE4BDDAF22830ECC008DB391 /* PublicationListViewController.swift */,
				AE4BDDAE22830ECC008DB391 /* PublicationListContentsViewController.swift */,
				AE4BDDB222830ECC008DB391 /* DemoIncitoViewController.swift */,
				AE4BDDA722830ECC008DB391 /* DemoPagedPublicationViewController.swift */,
				AE4BDDB522830ECC008DB391 /* LoadingViewController.swift */,
				AE4BDDAD22830ECC008DB391 /* ErrorViewController.swift */,
				AE4BDDB422830ECC008DB391 /* UIViewController+Cycle.swift */,
				AE4BDDA922830ECC008DB391 /* LaunchScreen.storyboard */,
				AE4BDDAB22830ECC008DB391 /* Main.storyboard */,
				AE4BDDB322830ECC008DB391 /* Info.plist */,
			);
			name = SharedSource;
			path = ../SharedSource;
			sourceTree = "<group>";
		};
/* End PBXGroup section */

/* Begin PBXNativeTarget section */
		AE1027DC212D639C00104921 /* CarthageDemo */ = {
			isa = PBXNativeTarget;
			buildConfigurationList = AE1027EF212D63A000104921 /* Build configuration list for PBXNativeTarget "CarthageDemo" */;
			buildPhases = (
				AE1027D9212D639C00104921 /* Sources */,
				AE1027DA212D639C00104921 /* Frameworks */,
				AE1027DB212D639C00104921 /* Resources */,
				AE1027F5212D691C00104921 /* Carthage */,
			);
			buildRules = (
			);
			dependencies = (
			);
			name = CarthageDemo;
			productName = CarthageSDKExample;
			productReference = AE1027DD212D639C00104921 /* CarthageDemo.app */;
			productType = "com.apple.product-type.application";
		};
/* End PBXNativeTarget section */

/* Begin PBXProject section */
		AE1027D5212D639C00104921 /* Project object */ = {
			isa = PBXProject;
			attributes = {
				LastSwiftUpdateCheck = 1000;
				LastUpgradeCheck = 1000;
				ORGANIZATIONNAME = ShopGun;
				TargetAttributes = {
					AE1027DC212D639C00104921 = {
						CreatedOnToolsVersion = 10.0;
					};
				};
			};
			buildConfigurationList = AE1027D8212D639C00104921 /* Build configuration list for PBXProject "CarthageDemo" */;
			compatibilityVersion = "Xcode 9.3";
			developmentRegion = en;
			hasScannedForEncodings = 0;
			knownRegions = (
				en,
				Base,
			);
			mainGroup = AE1027D4212D639C00104921;
			productRefGroup = AE1027DE212D639C00104921 /* Products */;
			projectDirPath = "";
			projectRoot = "";
			targets = (
				AE1027DC212D639C00104921 /* CarthageDemo */,
			);
		};
/* End PBXProject section */

/* Begin PBXResourcesBuildPhase section */
		AE1027DB212D639C00104921 /* Resources */ = {
			isa = PBXResourcesBuildPhase;
			buildActionMask = 2147483647;
			files = (
				AE4BDDB822830ECC008DB391 /* LaunchScreen.storyboard in Resources */,
				AE4BDDBE22830ECC008DB391 /* ShopGunSDK-Config.plist in Resources */,
				AE4BDDB922830ECC008DB391 /* Main.storyboard in Resources */,
			);
			runOnlyForDeploymentPostprocessing = 0;
		};
/* End PBXResourcesBuildPhase section */

/* Begin PBXShellScriptBuildPhase section */
		AE1027F5212D691C00104921 /* Carthage */ = {
			isa = PBXShellScriptBuildPhase;
			buildActionMask = 2147483647;
			files = (
			);
			inputPaths = (
				"$(SRCROOT)/Carthage/Build/iOS/ShopGunSDK.framework",
				"$(SRCROOT)/Carthage/Build/iOS/Verso.framework",
				"$(SRCROOT)/Carthage/Build/iOS/Kingfisher.framework",
				"$(SRCROOT)/Carthage/Build/iOS/Valet.framework",
				"$(SRCROOT)/Carthage/Build/iOS/Incito.framework",
				"$(SRCROOT)/Carthage/Build/iOS/GenericGeometry.framework",
				"$(SRCROOT)/Carthage/Build/iOS/Future.framework",
				"$(SRCROOT)/Carthage/Build/iOS/FLAnimatedImage.framework",
			);
			name = Carthage;
			outputPaths = (
				"$(BUILT_PRODUCTS_DIR)/$(FRAMEWORKS_FOLDER_PATH)/ShopGunSDK.framework",
				"$(BUILT_PRODUCTS_DIR)/$(FRAMEWORKS_FOLDER_PATH)/Verso.framework",
				"$(BUILT_PRODUCTS_DIR)/$(FRAMEWORKS_FOLDER_PATH)/Kingfisher.framework",
				"$(BUILT_PRODUCTS_DIR)/$(FRAMEWORKS_FOLDER_PATH)/Valet.framework",
				"$(BUILT_PRODUCTS_DIR)/$(FRAMEWORKS_FOLDER_PATH)/Incito.framework",
				"$(BUILT_PRODUCTS_DIR)/$(FRAMEWORKS_FOLDER_PATH)/GenericGeometry.framework",
				"$(BUILT_PRODUCTS_DIR)/$(FRAMEWORKS_FOLDER_PATH)/Future.framework",
				"$(BUILT_PRODUCTS_DIR)/$(FRAMEWORKS_FOLDER_PATH)/FLAnimatedImage.framework",
			);
			runOnlyForDeploymentPostprocessing = 0;
			shellPath = /bin/sh;
			shellScript = "/usr/local/bin/carthage copy-frameworks\n";
		};
/* End PBXShellScriptBuildPhase section */

/* Begin PBXSourcesBuildPhase section */
		AE1027D9212D639C00104921 /* Sources */ = {
			isa = PBXSourcesBuildPhase;
			buildActionMask = 2147483647;
			files = (
				AE4BDDBD22830ECC008DB391 /* AppDelegate.swift in Sources */,
				AE4BDDB722830ECC008DB391 /* RootViewController.swift in Sources */,
				AE4BDDBF22830ECC008DB391 /* DemoIncitoViewController.swift in Sources */,
				AE4BDDBC22830ECC008DB391 /* PublicationListViewController.swift in Sources */,
				AE4BDDBB22830ECC008DB391 /* PublicationListContentsViewController.swift in Sources */,
				AE4BDDC222830ECC008DB391 /* LoadingViewController.swift in Sources */,
				AE4BDDBA22830ECC008DB391 /* ErrorViewController.swift in Sources */,
				AE4BDDB622830ECC008DB391 /* DemoPagedPublicationViewController.swift in Sources */,
				AE4BDDC122830ECC008DB391 /* UIViewController+Cycle.swift in Sources */,
			);
			runOnlyForDeploymentPostprocessing = 0;
		};
/* End PBXSourcesBuildPhase section */

/* Begin PBXVariantGroup section */
		AE4BDDA922830ECC008DB391 /* LaunchScreen.storyboard */ = {
			isa = PBXVariantGroup;
			children = (
				AE4BDDAA22830ECC008DB391 /* Base */,
			);
			name = LaunchScreen.storyboard;
			sourceTree = "<group>";
		};
		AE4BDDAB22830ECC008DB391 /* Main.storyboard */ = {
			isa = PBXVariantGroup;
			children = (
				AE4BDDAC22830ECC008DB391 /* Base */,
			);
			name = Main.storyboard;
			sourceTree = "<group>";
		};
/* End PBXVariantGroup section */

/* Begin XCBuildConfiguration section */
		AE1027ED212D63A000104921 /* Debug */ = {
			isa = XCBuildConfiguration;
			buildSettings = {
				ALWAYS_SEARCH_USER_PATHS = NO;
				CLANG_ANALYZER_NONNULL = YES;
				CLANG_ANALYZER_NUMBER_OBJECT_CONVERSION = YES_AGGRESSIVE;
				CLANG_CXX_LANGUAGE_STANDARD = "gnu++14";
				CLANG_CXX_LIBRARY = "libc++";
				CLANG_ENABLE_MODULES = YES;
				CLANG_ENABLE_OBJC_ARC = YES;
				CLANG_ENABLE_OBJC_WEAK = YES;
				CLANG_WARN_BLOCK_CAPTURE_AUTORELEASING = YES;
				CLANG_WARN_BOOL_CONVERSION = YES;
				CLANG_WARN_COMMA = YES;
				CLANG_WARN_CONSTANT_CONVERSION = YES;
				CLANG_WARN_DEPRECATED_OBJC_IMPLEMENTATIONS = YES;
				CLANG_WARN_DIRECT_OBJC_ISA_USAGE = YES_ERROR;
				CLANG_WARN_DOCUMENTATION_COMMENTS = YES;
				CLANG_WARN_EMPTY_BODY = YES;
				CLANG_WARN_ENUM_CONVERSION = YES;
				CLANG_WARN_INFINITE_RECURSION = YES;
				CLANG_WARN_INT_CONVERSION = YES;
				CLANG_WARN_NON_LITERAL_NULL_CONVERSION = YES;
				CLANG_WARN_OBJC_IMPLICIT_RETAIN_SELF = YES;
				CLANG_WARN_OBJC_LITERAL_CONVERSION = YES;
				CLANG_WARN_OBJC_ROOT_CLASS = YES_ERROR;
				CLANG_WARN_RANGE_LOOP_ANALYSIS = YES;
				CLANG_WARN_STRICT_PROTOTYPES = YES;
				CLANG_WARN_SUSPICIOUS_MOVE = YES;
				CLANG_WARN_UNGUARDED_AVAILABILITY = YES_AGGRESSIVE;
				CLANG_WARN_UNREACHABLE_CODE = YES;
				CLANG_WARN__DUPLICATE_METHOD_MATCH = YES;
				CODE_SIGN_IDENTITY = "iPhone Developer";
				COPY_PHASE_STRIP = NO;
				DEBUG_INFORMATION_FORMAT = dwarf;
				ENABLE_STRICT_OBJC_MSGSEND = YES;
				ENABLE_TESTABILITY = YES;
				GCC_C_LANGUAGE_STANDARD = gnu11;
				GCC_DYNAMIC_NO_PIC = NO;
				GCC_NO_COMMON_BLOCKS = YES;
				GCC_OPTIMIZATION_LEVEL = 0;
				GCC_PREPROCESSOR_DEFINITIONS = (
					"DEBUG=1",
					"$(inherited)",
				);
				GCC_WARN_64_TO_32_BIT_CONVERSION = YES;
				GCC_WARN_ABOUT_RETURN_TYPE = YES_ERROR;
				GCC_WARN_UNDECLARED_SELECTOR = YES;
				GCC_WARN_UNINITIALIZED_AUTOS = YES_AGGRESSIVE;
				GCC_WARN_UNUSED_FUNCTION = YES;
				GCC_WARN_UNUSED_VARIABLE = YES;
				IPHONEOS_DEPLOYMENT_TARGET = 11.4;
				MTL_ENABLE_DEBUG_INFO = INCLUDE_SOURCE;
				MTL_FAST_MATH = YES;
				ONLY_ACTIVE_ARCH = YES;
				SDKROOT = iphoneos;
				SWIFT_ACTIVE_COMPILATION_CONDITIONS = DEBUG;
				SWIFT_OPTIMIZATION_LEVEL = "-Onone";
			};
			name = Debug;
		};
		AE1027EE212D63A000104921 /* Release */ = {
			isa = XCBuildConfiguration;
			buildSettings = {
				ALWAYS_SEARCH_USER_PATHS = NO;
				CLANG_ANALYZER_NONNULL = YES;
				CLANG_ANALYZER_NUMBER_OBJECT_CONVERSION = YES_AGGRESSIVE;
				CLANG_CXX_LANGUAGE_STANDARD = "gnu++14";
				CLANG_CXX_LIBRARY = "libc++";
				CLANG_ENABLE_MODULES = YES;
				CLANG_ENABLE_OBJC_ARC = YES;
				CLANG_ENABLE_OBJC_WEAK = YES;
				CLANG_WARN_BLOCK_CAPTURE_AUTORELEASING = YES;
				CLANG_WARN_BOOL_CONVERSION = YES;
				CLANG_WARN_COMMA = YES;
				CLANG_WARN_CONSTANT_CONVERSION = YES;
				CLANG_WARN_DEPRECATED_OBJC_IMPLEMENTATIONS = YES;
				CLANG_WARN_DIRECT_OBJC_ISA_USAGE = YES_ERROR;
				CLANG_WARN_DOCUMENTATION_COMMENTS = YES;
				CLANG_WARN_EMPTY_BODY = YES;
				CLANG_WARN_ENUM_CONVERSION = YES;
				CLANG_WARN_INFINITE_RECURSION = YES;
				CLANG_WARN_INT_CONVERSION = YES;
				CLANG_WARN_NON_LITERAL_NULL_CONVERSION = YES;
				CLANG_WARN_OBJC_IMPLICIT_RETAIN_SELF = YES;
				CLANG_WARN_OBJC_LITERAL_CONVERSION = YES;
				CLANG_WARN_OBJC_ROOT_CLASS = YES_ERROR;
				CLANG_WARN_RANGE_LOOP_ANALYSIS = YES;
				CLANG_WARN_STRICT_PROTOTYPES = YES;
				CLANG_WARN_SUSPICIOUS_MOVE = YES;
				CLANG_WARN_UNGUARDED_AVAILABILITY = YES_AGGRESSIVE;
				CLANG_WARN_UNREACHABLE_CODE = YES;
				CLANG_WARN__DUPLICATE_METHOD_MATCH = YES;
				CODE_SIGN_IDENTITY = "iPhone Developer";
				COPY_PHASE_STRIP = NO;
				DEBUG_INFORMATION_FORMAT = "dwarf-with-dsym";
				ENABLE_NS_ASSERTIONS = NO;
				ENABLE_STRICT_OBJC_MSGSEND = YES;
				GCC_C_LANGUAGE_STANDARD = gnu11;
				GCC_NO_COMMON_BLOCKS = YES;
				GCC_WARN_64_TO_32_BIT_CONVERSION = YES;
				GCC_WARN_ABOUT_RETURN_TYPE = YES_ERROR;
				GCC_WARN_UNDECLARED_SELECTOR = YES;
				GCC_WARN_UNINITIALIZED_AUTOS = YES_AGGRESSIVE;
				GCC_WARN_UNUSED_FUNCTION = YES;
				GCC_WARN_UNUSED_VARIABLE = YES;
				IPHONEOS_DEPLOYMENT_TARGET = 11.4;
				MTL_ENABLE_DEBUG_INFO = NO;
				MTL_FAST_MATH = YES;
				SDKROOT = iphoneos;
				SWIFT_COMPILATION_MODE = wholemodule;
				SWIFT_OPTIMIZATION_LEVEL = "-O";
				VALIDATE_PRODUCT = YES;
			};
			name = Release;
		};
		AE1027F0212D63A000104921 /* Debug */ = {
			isa = XCBuildConfiguration;
			buildSettings = {
				ASSETCATALOG_COMPILER_APPICON_NAME = AppIcon;
				CODE_SIGN_STYLE = Automatic;
				DEVELOPMENT_TEAM = MN86AVA6GX;
				FRAMEWORK_SEARCH_PATHS = (
					"$(inherited)",
					"$(PROJECT_DIR)/Carthage/Build/iOS",
				);
				INFOPLIST_FILE = "$(SRCROOT)/../SharedSource/Info.plist";
				LD_RUNPATH_SEARCH_PATHS = (
					"$(inherited)",
					"@executable_path/Frameworks",
				);
				PRODUCT_BUNDLE_IDENTIFIER = com.ShopGun.sdk.CarthageDemo;
				PRODUCT_NAME = "$(TARGET_NAME)";
				SWIFT_VERSION = 5.0;
				TARGETED_DEVICE_FAMILY = "1,2";
			};
			name = Debug;
		};
		AE1027F1212D63A000104921 /* Release */ = {
			isa = XCBuildConfiguration;
			buildSettings = {
				ASSETCATALOG_COMPILER_APPICON_NAME = AppIcon;
				CODE_SIGN_STYLE = Automatic;
				DEVELOPMENT_TEAM = MN86AVA6GX;
				FRAMEWORK_SEARCH_PATHS = (
					"$(inherited)",
					"$(PROJECT_DIR)/Carthage/Build/iOS",
				);
				INFOPLIST_FILE = "$(SRCROOT)/../SharedSource/Info.plist";
				LD_RUNPATH_SEARCH_PATHS = (
					"$(inherited)",
					"@executable_path/Frameworks",
				);
				PRODUCT_BUNDLE_IDENTIFIER = com.ShopGun.sdk.CarthageDemo;
				PRODUCT_NAME = "$(TARGET_NAME)";
				SWIFT_VERSION = 5.0;
				TARGETED_DEVICE_FAMILY = "1,2";
			};
			name = Release;
		};
/* End XCBuildConfiguration section */

/* Begin XCConfigurationList section */
		AE1027D8212D639C00104921 /* Build configuration list for PBXProject "CarthageDemo" */ = {
			isa = XCConfigurationList;
			buildConfigurations = (
				AE1027ED212D63A000104921 /* Debug */,
				AE1027EE212D63A000104921 /* Release */,
			);
			defaultConfigurationIsVisible = 0;
			defaultConfigurationName = Release;
		};
		AE1027EF212D63A000104921 /* Build configuration list for PBXNativeTarget "CarthageDemo" */ = {
			isa = XCConfigurationList;
			buildConfigurations = (
				AE1027F0212D63A000104921 /* Debug */,
				AE1027F1212D63A000104921 /* Release */,
			);
			defaultConfigurationIsVisible = 0;
			defaultConfigurationName = Release;
		};
/* End XCConfigurationList section */
	};
	rootObject = AE1027D5212D639C00104921 /* Project object */;
}
