PODS:
  - Incito (1.0.3)
  - Kingfisher (7.1.1)
  - ShopGun-Future (0.5.0)
  - TjekSDK/API (5.0.0):
    - ShopGun-Future (~> 0.5)
    - Valet (~> 4.1.1)
  - TjekSDK/CatalogViewer (5.0.0):
    - Incito (~> 1.0)
    - Kingfisher (~> 7.0)
    - ShopGun-Future (~> 0.5)
    - TjekSDK/API
    - Verso (~> 1.0)
  - Valet (4.1.1)
  - Verso (1.0.5)

DEPENDENCIES:
  - TjekSDK/CatalogViewer (from `../../`)

SPEC REPOS:
  trunk:
    - Incito
    - Kingfisher
    - ShopGun-Future
    - Valet
    - Verso

EXTERNAL SOURCES:
  TjekSDK:
    :path: "../../"

SPEC CHECKSUMS:
  Incito: c95a17efcb8c8c1e1cbf0572f090c2e1276d9053
  Kingfisher: f738f9c4a3415823b8e2985d10aa2d6a9f37bc4d
  ShopGun-Future: c4c04e9b8ce43a7d58f9ab18f73a583a01aec2c8
  TjekSDK: c0345f57926ac420b266b9c31c442e35c5b82877
  Valet: 11ab0e318b7284888a81392e36136563b4af5deb
  Verso: b6e66030671be9728a3e0d441ad531b5f2c6f2f4

PODFILE CHECKSUM: 9b558fb19c9160e239cbab19a253fb6ec939a750

COCOAPODS: 1.10.1
